PODS:
  - ActionSheetPicker-3.0 (2.3.0)
  - AFNetworking (3.2.1):
    - AFNetworking/NSURLSession (= 3.2.1)
    - AFNetworking/Reachability (= 3.2.1)
    - AFNetworking/Security (= 3.2.1)
    - AFNetworking/Serialization (= 3.2.1)
    - AFNetworking/UIKit (= 3.2.1)
  - AFNetworking/NSURLSession (3.2.1):
    - AFNetworking/Reachability
    - AFNetworking/Security
    - AFNetworking/Serialization
  - AFNetworking/Reachability (3.2.1)
  - AFNetworking/Security (3.2.1)
  - AFNetworking/Serialization (3.2.1)
  - AFNetworking/UIKit (3.2.1):
    - AFNetworking/NSURLSession
  - BEMCheckBox (1.4.1)
  - CocoaAsyncSocket (7.6.3)
  - Cordova (4.5.4)
  - CRToast (0.0.9)
  - DACircularProgress (2.3.1)
  - DZNEmptyDataSet (1.8.1)
  - FCUUID (1.3.1):
    - UICKeyChainStore (~> 2.1.0)
  - GPUImage (0.1.7)
  - HappyDNS (0.3.14)
  - IQKeyboardManager (5.0.8)
  - JKCountDownButton (1.2.0)
  - JVFloatLabeledTextField (1.2.1)
  - libksygpulive/base (3.0.3)
  - libksygpulive/KSYGPUResource (3.0.3)
  - libksygpulive/libksygpulive (3.0.3):
    - GPUImage
    - libksygpulive/streamerbase
  - libksygpulive/mediacodec (3.0.3)
  - libksygpulive/mediacore_enc_base (3.0.3)
  - libksygpulive/mediacore_enc_lite (3.0.3)
  - libksygpulive/streamerbase (3.0.3):
    - libksygpulive/base
    - libksygpulive/mediacodec
    - libksygpulive/mediacore_enc_base
    - libksygpulive/mediacore_enc_lite
    - libksygpulive/yuv
  - libksygpulive/yuv (3.0.3)
  - Masonry (1.1.0)
  - MBProgressHUD (0.9.2)
  - MJRefresh (3.1.15.3)
  - MWPhotoBrowser (2.1.2):
    - DACircularProgress (~> 2.3)
    - MBProgressHUD (~> 0.9)
    - "SDWebImage (!= 3.7.2, ~> 3.7)"
  - NJKWebViewProgress (0.2.3):
    - NJKWebViewProgress/Core (= 0.2.3)
    - NJKWebViewProgress/ProgressView (= 0.2.3)
  - NJKWebViewProgress/Core (0.2.3)
  - NJKWebViewProgress/ProgressView (0.2.3)
  - "NSURL+QueryDictionary (1.2.0)"
  - PBBaseClasses (1.7.7):
    - Masonry
    - PBKits
    - PBMediator
    - SJFullscreenPopGesture
    - SVProgressHUD
    - WZLBadge
    - YYKit
  - PBKits (1.2.3)
  - PBMediator (0.2.0)
  - PBService (4.3.1):
    - AFNetworking
    - PBKits
    - SVProgressHUD
  - Protobuf (3.5.0)
  - Qiniu (7.2.4):
    - HappyDNS (~> 0.3)
  - RealReachability (1.2.2):
    - RealReachability/Connection (= 1.2.2)
    - RealReachability/Ping (= 1.2.2)
  - RealReachability/Connection (1.2.2)
  - RealReachability/Ping (1.2.2)
  - RongCloudIM (2.8.32):
    - RongCloudIM/CallKit (= 2.8.32)
    - RongCloudIM/CallLib (= 2.8.32)
    - RongCloudIM/IMKit (= 2.8.32)
    - RongCloudIM/IMLib (= 2.8.32)
    - RongCloudIM/RedPacket (= 2.8.32)
    - RongCloudIM/Sticker (= 2.8.32)
  - RongCloudIM/CallKit (2.8.32):
    - RongCloudIM/CallLib
    - RongCloudIM/IMKit
  - RongCloudIM/CallLib (2.8.32):
    - RongCloudIM/IMLib
  - RongCloudIM/IMKit (2.8.32):
    - RongCloudIM/IMLib
  - RongCloudIM/IMLib (2.8.32)
  - RongCloudIM/RedPacket (2.8.32):
    - RongCloudIM/IMKit
  - RongCloudIM/Sticker (2.8.32):
    - RongCloudIM/IMKit
  - SCLAlertView-Objective-C (1.1.3)
  - SDWebImage (3.8.2):
    - SDWebImage/Core (= 3.8.2)
  - SDWebImage/Core (3.8.2)
  - SJFullscreenPopGesture (1.4.1)
  - SQLCipher (3.4.2):
    - SQLCipher/standard (= 3.4.2)
  - SQLCipher/common (3.4.2)
  - SQLCipher/standard (3.4.2):
    - SQLCipher/common
  - SSZipArchive (2.1.2)
  - SVProgressHUD (2.2.5)
  - Toast (4.0.0)
  - TTGTagCollectionView (1.9.0)
  - TZImagePickerController (2.0.1)
  - UICKeyChainStore (2.1.1)
  - "UITextView+MaxLength (0.0.1)"
  - "UITextView+Placeholder (1.2.0)"
  - UMengAnalytics-NO-IDFA (4.2.5)
  - WHC_Model (1.7.0.1)
  - WHC_ModelSqliteKit/SQLCipher (1.3.0):
    - SQLCipher
  - WZLBadge (1.2.6)
  - XHImageViewer (0.1.2)
  - YCXMenu (0.0.11)
  - YJBannerView (2.3.8)
  - YUChineseSorting (1.0.2)
  - YYKit (1.0.9):
    - YYKit/no-arc (= 1.0.9)
  - YYKit/no-arc (1.0.9)
  - ZFPlayer (2.1.6):
    - Masonry

DEPENDENCIES:
  - ActionSheetPicker-3.0 (~> 2.3.0)
  - BEMCheckBox (~> 1.4.1)
  - CocoaAsyncSocket (~> 7.6.3)
  - Cordova (~> 4.5.4)
  - CRToast (~> 0.0.9)
  - DZNEmptyDataSet (~> 1.8.1)
  - FCUUID (~> 1.3.1)
  - IQKeyboardManager (~> 5.0.8)
  - JKCountDownButton (~> 1.2.0)
  - JVFloatLabeledTextField (~> 1.2.1)
  - libksygpulive/KSYGPUResource (~> 3.0.2)
  - libksygpulive/libksygpulive (~> 3.0.2)
  - MJRefresh (~> 3.1.15.3)
  - MWPhotoBrowser (~> 2.1.2)
  - NJKWebViewProgress (~> 0.2.3)
  - "NSURL+QueryDictionary (~> 1.2.0)"
  - PBBaseClasses (~> 1.7.7)
  - PBKits (~> 1.2.3)
  - PBService (~> 4.3.1)
  - Protobuf (~> 3.5.0)
  - Qiniu (~> 7.2.3)
  - RealReachability (~> 1.2.2)
  - RongCloudIM (~> 2.8.32)
  - SCLAlertView-Objective-C (~> 1.1.3)
  - SSZipArchive (~> 2.1.2)
  - Toast (~> 4.0.0)
  - TTGTagCollectionView (~> 1.9.0)
  - TZImagePickerController (~> 2.0.1)
  - "UITextView+MaxLength (~> 0.0.1)"
  - "UITextView+Placeholder (~> 1.2.0)"
  - UMengAnalytics-NO-IDFA (~> 4.2.5)
  - WHC_Model (~> 1.7.0.1)
  - WHC_ModelSqliteKit/SQLCipher (~> 1.3.0)
  - XHImageViewer (~> 0.1.2)
  - YCXMenu (~> 0.0.11)
  - YJBannerView (~> 2.3.8)
  - YUChineseSorting (~> 1.0.2)
  - ZFPlayer (~> 2.1.6)

SPEC REPOS:
  https://github.com/CocoaPods/Specs.git:
    - ActionSheetPicker-3.0
    - AFNetworking
    - BEMCheckBox
    - CocoaAsyncSocket
    - Cordova
    - CRToast
    - DACircularProgress
    - DZNEmptyDataSet
    - FCUUID
    - GPUImage
    - HappyDNS
    - IQKeyboardManager
    - JKCountDownButton
    - JVFloatLabeledTextField
    - libksygpulive
    - Masonry
    - MBProgressHUD
    - MJRefresh
    - MWPhotoBrowser
    - NJKWebViewProgress
    - "NSURL+QueryDictionary"
    - PBBaseClasses
    - PBKits
    - PBMediator
    - PBService
    - Protobuf
    - Qiniu
    - RealReachability
    - RongCloudIM
    - SCLAlertView-Objective-C
    - SDWebImage
    - SJFullscreenPopGesture
    - SQLCipher
    - SSZipArchive
    - SVProgressHUD
    - Toast
    - TTGTagCollectionView
    - TZImagePickerController
    - UICKeyChainStore
    - "UITextView+MaxLength"
    - "UITextView+Placeholder"
    - UMengAnalytics-NO-IDFA
    - WHC_Model
    - WHC_ModelSqliteKit
    - WZLBadge
    - XHImageViewer
    - YCXMenu
    - YJBannerView
    - YUChineseSorting
    - YYKit
    - ZFPlayer

SPEC CHECKSUMS:
  ActionSheetPicker-3.0: eef157d75e151f255c5333d26656c7fbfe905a51
  AFNetworking: b6f891fdfaed196b46c7a83cf209e09697b94057
  BEMCheckBox: 5ba6e37ade3d3657b36caecc35c8b75c6c2b1a4e
  CocoaAsyncSocket: eafaa68a7e0ec99ead0a7b35015e0bf25d2c8987
  Cordova: 90a337977b8667a80483f559268c82062b1183da
  CRToast: 5a78c22b921c5ed3487488af605bc403a9c92fed
  DACircularProgress: 4dd437c0fc3da5161cb289e07ac449493d41db71
  DZNEmptyDataSet: 9525833b9e68ac21c30253e1d3d7076cc828eaa7
  FCUUID: bb054fc90cd7cd99320f9f6ff8e130fe607fba05
  GPUImage: 733a5f0fab92df9de1c37ba9df520a833ccb406d
  HappyDNS: dc6a164ee81979093123c241c6353bcf0218add6
  IQKeyboardManager: 266cb7b1d11f94a3e71229d77f960f9a1b538e5b
  JKCountDownButton: cc72e24c8b73f232b15cc348277422b089d43bff
  JVFloatLabeledTextField: cfc44e3c4d493b2ed92ede8035e8e89c2912ba64
  libksygpulive: 1995fa4eb13cd776c5616a4d61f84ed12ac7c852
  Masonry: 678fab65091a9290e40e2832a55e7ab731aad201
  MBProgressHUD: 1569cf7ace17a8bac47aabfbb8580a49690386d1
  MJRefresh: b48380ae2b927b46c4ef000de9adb8dc748e1df7
  MWPhotoBrowser: 5836d7aa041dc05a13de380c246826578adc5ea5
  NJKWebViewProgress: f481fd424cb5ecc27eacae11b5397db92fba9a4d
  "NSURL+QueryDictionary": bae616404e2adf6409d3d5c02a093cbf44c8a236
  PBBaseClasses: e3244dc30242d71af9cecee4e05fa689f3e7eb5a
  PBKits: 62fffdbb2180baca4a432dd0f9c04df8a8516185
  PBMediator: b9a87dd91276156805c7a12ba3bd45150142c4e8
  PBService: 018184528eb975d0407dacc71df55e8b570201c1
  Protobuf: 8a9838fba8dae3389230e1b7f8c104aa32389c03
  Qiniu: 65384bca1cdb0480a68d9b9b8f54db53418c0355
  RealReachability: 7ea2093650004e5e30635edbf9d29ce9b9091001
  RongCloudIM: 48bfc2fcb8d7cae8ce1e19cb5fb26d6d90616375
  SCLAlertView-Objective-C: 917836fb2349afa58edc43d592d22d21d46bb2a4
  SDWebImage: 098e97e6176540799c27e804c96653ee0833d13c
  SJFullscreenPopGesture: 17ce985eef9e45a35ee11b90440502265a9f2362
  SQLCipher: f9fcf29b2e59ced7defc2a2bdd0ebe79b40d4990
  SSZipArchive: d4009d2ce5520a421f231fd97028cc0e2667eed8
  SVProgressHUD: 1428aafac632c1f86f62aa4243ec12008d7a51d6
  Toast: 91b396c56ee72a5790816f40d3a94dd357abc196
  TTGTagCollectionView: 958f20b946dee92a8ba20dc37d10a06737641ae9
  TZImagePickerController: 34ecb53af8c349964394407e42b6e54e22589ebe
  UICKeyChainStore: 239558492fa260531a0774cfc611ea83a6eaff3a
  "UITextView+MaxLength": 455db218d2b125ead449e411dba8fd2576368a77
  "UITextView+Placeholder": 77680995fcdd07c3f52ec92fe1150874a2ac89ff
  UMengAnalytics-NO-IDFA: 16666e32edce5be44ae5b14aaaa7f3582e09d6ab
  WHC_Model: 8268100386a9d450fa7ff72e9671910da8334e3f
  WHC_ModelSqliteKit: dfafef3ee872dedd9823395291fc80bf37eac46d
  WZLBadge: 9ec779dcfd94c825518b395e8315fccaabff1bfa
  XHImageViewer: 7b275d2aa829e56761c30303b9d51cae086a90b9
  YCXMenu: 6003bcd20d8ac72e3eb3c442c97ed21948c6dc1f
  YJBannerView: f69571aecb14a4305cfd9bdf62391a1657a2c7b3
  YUChineseSorting: 46bbd4fa0344e21b169a537bb17aafec0980c560
  YYKit: 7cda43304a8dc3696c449041e2cb3107b4e236e7
  ZFPlayer: 833cb3974b619bfd01a0ec1ebaabfe6f629e85b4

PODFILE CHECKSUM: 9b5f82815ecca934f278a10443a2752eb56a7542

COCOAPODS: 1.5.0
