<?xml version="1.0" encoding="UTF-8"?>
<Scheme
   version = "1.3">
   <BuildAction>
      <BuildActionEntries>
         <BuildActionEntry
            buildForRunning = "YES">
            <BuildableReference
               BuildableIdentifier = "primary"
               BlueprintIdentifier = "60B4413B20735B6400B871E1"
               BuildableName = "MultiEducation.app"
               BlueprintName = "MultiEducation"
               ReferencedContainer = "container:MultiEducation.xcodeproj">
            </BuildableReference>
         </BuildActionEntry>
      </BuildActionEntries>
   </BuildAction>
   <LaunchAction
      useCustomWorkingDirectory = "NO"
      buildConfiguration = "Debug">
      <BuildableProductRunnable>
         <BuildableReference
            BuildableIdentifier = "primary"
            BlueprintIdentifier = "60B4413B20735B6400B871E1"
            BuildableName = "MultiEducation.app"
            BlueprintName = "MultiEducation"
            ReferencedContainer = "container:MultiEducation.xcodeproj">
         </BuildableReference>
      </BuildableProductRunnable>
   </LaunchAction>
</Scheme>
