// !$*UTF8*$!
{
	archiveVersion = 1;
	classes = {
	};
	objectVersion = 48;
	objects = {

/* Begin PBXBuildFile section */
		1373F5D62AFE58EA0869F07F /* SystemConfiguration.framework in Frameworks */ = {isa = PBXBuildFile; fileRef = 1373F5B91EEBB1F4B52DF8C0 /* SystemConfiguration.framework */; };
		608338E82075E57700BD565E /* MEKits.m in Sources */ = {isa = PBXBuildFile; fileRef = 608338E72075E57700BD565E /* MEKits.m */; };
		608338F62075EAF000BD565E /* MEBaseNavigationProfile.m in Sources */ = {isa = PBXBuildFile; fileRef = 608338EB2075EAEF00BD565E /* MEBaseNavigationProfile.m */; };
		608338F72075EAF000BD565E /* MEBaseProfile.m in Sources */ = {isa = PBXBuildFile; fileRef = 608338ED2075EAEF00BD565E /* MEBaseProfile.m */; };
		608338F82075EAF000BD565E /* MEBaseTabBarProfile.m in Sources */ = {isa = PBXBuildFile; fileRef = 608338EF2075EAEF00BD565E /* MEBaseTabBarProfile.m */; };
		608338F92075EAF000BD565E /* MEFrameProfile.m in Sources */ = {isa = PBXBuildFile; fileRef = 608338F42075EAF000BD565E /* MEFrameProfile.m */; };
		608338FC2075EB7400BD565E /* MEUser.m in Sources */ = {isa = PBXBuildFile; fileRef = 608338FB2075EB7400BD565E /* MEUser.m */; };
		608338FF2075EBA800BD565E /* MEUserVM.m in Sources */ = {isa = PBXBuildFile; fileRef = 608338FE2075EBA800BD565E /* MEUserVM.m */; };
		608339022075F66500BD565E /* MEVM.m in Sources */ = {isa = PBXBuildFile; fileRef = 608339012075F66500BD565E /* MEVM.m */; };
		60833906207602DE00BD565E /* MEAuthorMainProfile.m in Sources */ = {isa = PBXBuildFile; fileRef = 60833905207602DE00BD565E /* MEAuthorMainProfile.m */; };
		6083390A2076079F00BD565E /* MEDispatcher.m in Sources */ = {isa = PBXBuildFile; fileRef = 608339092076079F00BD565E /* MEDispatcher.m */; };
		6083390D20761F1900BD565E /* MENotFoundProfile.m in Sources */ = {isa = PBXBuildFile; fileRef = 6083390C20761F1900BD565E /* MENotFoundProfile.m */; };
		60833910207632FE00BD565E /* iconfont.ttf in Resources */ = {isa = PBXBuildFile; fileRef = 6083390F207632FD00BD565E /* iconfont.ttf */; };
		6083391F2076542200BD565E /* MEIndexProfile.m in Sources */ = {isa = PBXBuildFile; fileRef = 6083391E2076542200BD565E /* MEIndexProfile.m */; };
		608339252076546D00BD565E /* MEGardenProfile.m in Sources */ = {isa = PBXBuildFile; fileRef = 608339242076546D00BD565E /* MEGardenProfile.m */; };
		608339282076548B00BD565E /* MEChatSessionProfile.m in Sources */ = {isa = PBXBuildFile; fileRef = 608339272076548B00BD565E /* MEChatSessionProfile.m */; };
		6083392B2076549B00BD565E /* MEPersonalProfile.m in Sources */ = {isa = PBXBuildFile; fileRef = 6083392A2076549B00BD565E /* MEPersonalProfile.m */; };
		6083392E207654B600BD565E /* MEBabyProfile.m in Sources */ = {isa = PBXBuildFile; fileRef = 6083392D207654B600BD565E /* MEBabyProfile.m */; };
		6083393520765C8A00BD565E /* MEIndexSearchSence.m in Sources */ = {isa = PBXBuildFile; fileRef = 6083393420765C8A00BD565E /* MEIndexSearchSence.m */; };
		60B4414120735B6400B871E1 /* AppDelegate.m in Sources */ = {isa = PBXBuildFile; fileRef = 60B4414020735B6400B871E1 /* AppDelegate.m */; };
		60B4414420735B6400B871E1 /* ViewController.m in Sources */ = {isa = PBXBuildFile; fileRef = 60B4414320735B6400B871E1 /* ViewController.m */; };
		60B4414720735B6400B871E1 /* Main.storyboard in Resources */ = {isa = PBXBuildFile; fileRef = 60B4414520735B6400B871E1 /* Main.storyboard */; };
		60B4414920735B6400B871E1 /* Assets.xcassets in Resources */ = {isa = PBXBuildFile; fileRef = 60B4414820735B6400B871E1 /* Assets.xcassets */; };
		60B4414C20735B6400B871E1 /* LaunchScreen.storyboard in Resources */ = {isa = PBXBuildFile; fileRef = 60B4414A20735B6400B871E1 /* LaunchScreen.storyboard */; };
		60B4414F20735B6400B871E1 /* main.m in Sources */ = {isa = PBXBuildFile; fileRef = 60B4414E20735B6400B871E1 /* main.m */; };
		60B4415920735B6400B871E1 /* MultiEducationTests.m in Sources */ = {isa = PBXBuildFile; fileRef = 60B4415820735B6400B871E1 /* MultiEducationTests.m */; };
		60B4416420735B6400B871E1 /* MultiEducationUITests.m in Sources */ = {isa = PBXBuildFile; fileRef = 60B4416320735B6400B871E1 /* MultiEducationUITests.m */; };
		60B4417A20739F7A00B871E1 /* libsqlite3.0.tbd in Frameworks */ = {isa = PBXBuildFile; fileRef = 60B4417920739F7A00B871E1 /* libsqlite3.0.tbd */; };
		60B4417F20739FDC00B871E1 /* libz.tbd in Frameworks */ = {isa = PBXBuildFile; fileRef = 60B4417E20739FDC00B871E1 /* libz.tbd */; };
		60C175EF207868330077DD0D /* MEBaseScene.m in Sources */ = {isa = PBXBuildFile; fileRef = 60C175EE207868330077DD0D /* MEBaseScene.m */; };
		60C175F2207868730077DD0D /* MEVideoPlayProfile.m in Sources */ = {isa = PBXBuildFile; fileRef = 60C175F1207868730077DD0D /* MEVideoPlayProfile.m */; };
		60C175FC2078CA0E0077DD0D /* tenggeer.mp4 in Resources */ = {isa = PBXBuildFile; fileRef = 60C175FB2078CA0E0077DD0D /* tenggeer.mp4 */; };
		60C175FF2078CE320077DD0D /* MEPlayerControl.m in Sources */ = {isa = PBXBuildFile; fileRef = 60C175FE2078CE320077DD0D /* MEPlayerControl.m */; };
		60C176022078D46F0077DD0D /* MEPlayerLike.m in Sources */ = {isa = PBXBuildFile; fileRef = 60C176012078D46F0077DD0D /* MEPlayerLike.m */; };
		60C176062078D5CE0077DD0D /* MEPlayerLike.xib in Resources */ = {isa = PBXBuildFile; fileRef = 60C176052078D5CE0077DD0D /* MEPlayerLike.xib */; };
		60C176092078DEB70077DD0D /* MEVideoRelateVM.m in Sources */ = {isa = PBXBuildFile; fileRef = 60C176082078DEB70077DD0D /* MEVideoRelateVM.m */; };
		7A34CE401660B5173CE3F117 /* libPods-MultiEducation.a in Frameworks */ = {isa = PBXBuildFile; fileRef = BBB1C157DB056E68EE7C7CA2 /* libPods-MultiEducation.a */; };
/* End PBXBuildFile section */

/* Begin PBXContainerItemProxy section */
		60B4415520735B6400B871E1 /* PBXContainerItemProxy */ = {
			isa = PBXContainerItemProxy;
			containerPortal = 60B4413420735B6400B871E1 /* Project object */;
			proxyType = 1;
			remoteGlobalIDString = 60B4413B20735B6400B871E1;
			remoteInfo = MultiEducation;
		};
		60B4416020735B6400B871E1 /* PBXContainerItemProxy */ = {
			isa = PBXContainerItemProxy;
			containerPortal = 60B4413420735B6400B871E1 /* Project object */;
			proxyType = 1;
			remoteGlobalIDString = 60B4413B20735B6400B871E1;
			remoteInfo = MultiEducation;
		};
/* End PBXContainerItemProxy section */

/* Begin PBXFileReference section */
		1373F5B91EEBB1F4B52DF8C0 /* SystemConfiguration.framework */ = {isa = PBXFileReference; lastKnownFileType = wrapper.framework; name = SystemConfiguration.framework; path = System/Library/Frameworks/SystemConfiguration.framework; sourceTree = SDKROOT; };
		1373FC27CB0DAB7428D069D3 /* MEConstTypes.h */ = {isa = PBXFileReference; fileEncoding = 4; lastKnownFileType = sourcecode.c.h; path = MEConstTypes.h; sourceTree = "<group>"; };
		608338E62075E57700BD565E /* MEKits.h */ = {isa = PBXFileReference; lastKnownFileType = sourcecode.c.h; path = MEKits.h; sourceTree = "<group>"; };
		608338E72075E57700BD565E /* MEKits.m */ = {isa = PBXFileReference; lastKnownFileType = sourcecode.c.objc; path = MEKits.m; sourceTree = "<group>"; };
		608338EA2075EAEF00BD565E /* MEBaseNavigationProfile.h */ = {isa = PBXFileReference; fileEncoding = 4; lastKnownFileType = sourcecode.c.h; path = MEBaseNavigationProfile.h; sourceTree = "<group>"; };
		608338EB2075EAEF00BD565E /* MEBaseNavigationProfile.m */ = {isa = PBXFileReference; fileEncoding = 4; lastKnownFileType = sourcecode.c.objc; path = MEBaseNavigationProfile.m; sourceTree = "<group>"; };
		608338EC2075EAEF00BD565E /* MEBaseProfile.h */ = {isa = PBXFileReference; fileEncoding = 4; lastKnownFileType = sourcecode.c.h; path = MEBaseProfile.h; sourceTree = "<group>"; };
		608338ED2075EAEF00BD565E /* MEBaseProfile.m */ = {isa = PBXFileReference; fileEncoding = 4; lastKnownFileType = sourcecode.c.objc; path = MEBaseProfile.m; sourceTree = "<group>"; };
		608338EE2075EAEF00BD565E /* MEBaseTabBarProfile.h */ = {isa = PBXFileReference; fileEncoding = 4; lastKnownFileType = sourcecode.c.h; path = MEBaseTabBarProfile.h; sourceTree = "<group>"; };
		608338EF2075EAEF00BD565E /* MEBaseTabBarProfile.m */ = {isa = PBXFileReference; fileEncoding = 4; lastKnownFileType = sourcecode.c.objc; path = MEBaseTabBarProfile.m; sourceTree = "<group>"; };
		608338F32075EAF000BD565E /* MEFrameProfile.h */ = {isa = PBXFileReference; fileEncoding = 4; lastKnownFileType = sourcecode.c.h; path = MEFrameProfile.h; sourceTree = "<group>"; };
		608338F42075EAF000BD565E /* MEFrameProfile.m */ = {isa = PBXFileReference; fileEncoding = 4; lastKnownFileType = sourcecode.c.objc; path = MEFrameProfile.m; sourceTree = "<group>"; };
		608338FA2075EB7400BD565E /* MEUser.h */ = {isa = PBXFileReference; lastKnownFileType = sourcecode.c.h; path = MEUser.h; sourceTree = "<group>"; };
		608338FB2075EB7400BD565E /* MEUser.m */ = {isa = PBXFileReference; lastKnownFileType = sourcecode.c.objc; path = MEUser.m; sourceTree = "<group>"; };
		608338FD2075EBA800BD565E /* MEUserVM.h */ = {isa = PBXFileReference; lastKnownFileType = sourcecode.c.h; path = MEUserVM.h; sourceTree = "<group>"; };
		608338FE2075EBA800BD565E /* MEUserVM.m */ = {isa = PBXFileReference; lastKnownFileType = sourcecode.c.objc; path = MEUserVM.m; sourceTree = "<group>"; };
		608339002075F66500BD565E /* MEVM.h */ = {isa = PBXFileReference; lastKnownFileType = sourcecode.c.h; path = MEVM.h; sourceTree = "<group>"; };
		608339012075F66500BD565E /* MEVM.m */ = {isa = PBXFileReference; lastKnownFileType = sourcecode.c.objc; path = MEVM.m; sourceTree = "<group>"; };
		60833904207602DE00BD565E /* MEAuthorMainProfile.h */ = {isa = PBXFileReference; lastKnownFileType = sourcecode.c.h; path = MEAuthorMainProfile.h; sourceTree = "<group>"; };
		60833905207602DE00BD565E /* MEAuthorMainProfile.m */ = {isa = PBXFileReference; lastKnownFileType = sourcecode.c.objc; path = MEAuthorMainProfile.m; sourceTree = "<group>"; };
		608339082076079F00BD565E /* MEDispatcher.h */ = {isa = PBXFileReference; lastKnownFileType = sourcecode.c.h; path = MEDispatcher.h; sourceTree = "<group>"; };
		608339092076079F00BD565E /* MEDispatcher.m */ = {isa = PBXFileReference; lastKnownFileType = sourcecode.c.objc; path = MEDispatcher.m; sourceTree = "<group>"; };
		6083390B20761F1900BD565E /* MENotFoundProfile.h */ = {isa = PBXFileReference; lastKnownFileType = sourcecode.c.h; path = MENotFoundProfile.h; sourceTree = "<group>"; };
		6083390C20761F1900BD565E /* MENotFoundProfile.m */ = {isa = PBXFileReference; lastKnownFileType = sourcecode.c.objc; path = MENotFoundProfile.m; sourceTree = "<group>"; };
		6083390F207632FD00BD565E /* iconfont.ttf */ = {isa = PBXFileReference; lastKnownFileType = file; path = iconfont.ttf; sourceTree = "<group>"; };
		6083391D2076542200BD565E /* MEIndexProfile.h */ = {isa = PBXFileReference; lastKnownFileType = sourcecode.c.h; path = MEIndexProfile.h; sourceTree = "<group>"; };
		6083391E2076542200BD565E /* MEIndexProfile.m */ = {isa = PBXFileReference; lastKnownFileType = sourcecode.c.objc; path = MEIndexProfile.m; sourceTree = "<group>"; };
		608339232076546D00BD565E /* MEGardenProfile.h */ = {isa = PBXFileReference; lastKnownFileType = sourcecode.c.h; path = MEGardenProfile.h; sourceTree = "<group>"; };
		608339242076546D00BD565E /* MEGardenProfile.m */ = {isa = PBXFileReference; lastKnownFileType = sourcecode.c.objc; path = MEGardenProfile.m; sourceTree = "<group>"; };
		608339262076548B00BD565E /* MEChatSessionProfile.h */ = {isa = PBXFileReference; lastKnownFileType = sourcecode.c.h; path = MEChatSessionProfile.h; sourceTree = "<group>"; };
		608339272076548B00BD565E /* MEChatSessionProfile.m */ = {isa = PBXFileReference; lastKnownFileType = sourcecode.c.objc; path = MEChatSessionProfile.m; sourceTree = "<group>"; };
		608339292076549B00BD565E /* MEPersonalProfile.h */ = {isa = PBXFileReference; lastKnownFileType = sourcecode.c.h; path = MEPersonalProfile.h; sourceTree = "<group>"; };
		6083392A2076549B00BD565E /* MEPersonalProfile.m */ = {isa = PBXFileReference; lastKnownFileType = sourcecode.c.objc; path = MEPersonalProfile.m; sourceTree = "<group>"; };
		6083392C207654B600BD565E /* MEBabyProfile.h */ = {isa = PBXFileReference; fileEncoding = 4; lastKnownFileType = sourcecode.c.h; path = MEBabyProfile.h; sourceTree = "<group>"; };
		6083392D207654B600BD565E /* MEBabyProfile.m */ = {isa = PBXFileReference; fileEncoding = 4; lastKnownFileType = sourcecode.c.objc; path = MEBabyProfile.m; sourceTree = "<group>"; };
		6083393320765C8A00BD565E /* MEIndexSearchSence.h */ = {isa = PBXFileReference; lastKnownFileType = sourcecode.c.h; path = MEIndexSearchSence.h; sourceTree = "<group>"; };
		6083393420765C8A00BD565E /* MEIndexSearchSence.m */ = {isa = PBXFileReference; lastKnownFileType = sourcecode.c.objc; path = MEIndexSearchSence.m; sourceTree = "<group>"; };
		60B4413C20735B6400B871E1 /* MultiEducation.app */ = {isa = PBXFileReference; explicitFileType = wrapper.application; includeInIndex = 0; path = MultiEducation.app; sourceTree = BUILT_PRODUCTS_DIR; };
		60B4413F20735B6400B871E1 /* AppDelegate.h */ = {isa = PBXFileReference; lastKnownFileType = sourcecode.c.h; path = AppDelegate.h; sourceTree = "<group>"; };
		60B4414020735B6400B871E1 /* AppDelegate.m */ = {isa = PBXFileReference; lastKnownFileType = sourcecode.c.objc; path = AppDelegate.m; sourceTree = "<group>"; };
		60B4414220735B6400B871E1 /* ViewController.h */ = {isa = PBXFileReference; lastKnownFileType = sourcecode.c.h; path = ViewController.h; sourceTree = "<group>"; };
		60B4414320735B6400B871E1 /* ViewController.m */ = {isa = PBXFileReference; lastKnownFileType = sourcecode.c.objc; path = ViewController.m; sourceTree = "<group>"; };
		60B4414620735B6400B871E1 /* Base */ = {isa = PBXFileReference; lastKnownFileType = file.storyboard; name = Base; path = Base.lproj/Main.storyboard; sourceTree = "<group>"; };
		60B4414820735B6400B871E1 /* Assets.xcassets */ = {isa = PBXFileReference; lastKnownFileType = folder.assetcatalog; path = Assets.xcassets; sourceTree = "<group>"; };
		60B4414B20735B6400B871E1 /* Base */ = {isa = PBXFileReference; lastKnownFileType = file.storyboard; name = Base; path = Base.lproj/LaunchScreen.storyboard; sourceTree = "<group>"; };
		60B4414D20735B6400B871E1 /* Info.plist */ = {isa = PBXFileReference; lastKnownFileType = text.plist.xml; path = Info.plist; sourceTree = "<group>"; };
		60B4414E20735B6400B871E1 /* main.m */ = {isa = PBXFileReference; lastKnownFileType = sourcecode.c.objc; path = main.m; sourceTree = "<group>"; };
		60B4415420735B6400B871E1 /* MultiEducationTests.xctest */ = {isa = PBXFileReference; explicitFileType = wrapper.cfbundle; includeInIndex = 0; path = MultiEducationTests.xctest; sourceTree = BUILT_PRODUCTS_DIR; };
		60B4415820735B6400B871E1 /* MultiEducationTests.m */ = {isa = PBXFileReference; lastKnownFileType = sourcecode.c.objc; path = MultiEducationTests.m; sourceTree = "<group>"; };
		60B4415A20735B6400B871E1 /* Info.plist */ = {isa = PBXFileReference; lastKnownFileType = text.plist.xml; path = Info.plist; sourceTree = "<group>"; };
		60B4415F20735B6400B871E1 /* MultiEducationUITests.xctest */ = {isa = PBXFileReference; explicitFileType = wrapper.cfbundle; includeInIndex = 0; path = MultiEducationUITests.xctest; sourceTree = BUILT_PRODUCTS_DIR; };
		60B4416320735B6400B871E1 /* MultiEducationUITests.m */ = {isa = PBXFileReference; lastKnownFileType = sourcecode.c.objc; path = MultiEducationUITests.m; sourceTree = "<group>"; };
		60B4416520735B6400B871E1 /* Info.plist */ = {isa = PBXFileReference; lastKnownFileType = text.plist.xml; path = Info.plist; sourceTree = "<group>"; };
		60B4417620739F6E00B871E1 /* CFNetwork.framework */ = {isa = PBXFileReference; lastKnownFileType = wrapper.framework; name = CFNetwork.framework; path = System/Library/Frameworks/CFNetwork.framework; sourceTree = SDKROOT; };
		60B4417920739F7A00B871E1 /* libsqlite3.0.tbd */ = {isa = PBXFileReference; lastKnownFileType = "sourcecode.text-based-dylib-definition"; name = libsqlite3.0.tbd; path = usr/lib/libsqlite3.0.tbd; sourceTree = SDKROOT; };
		60B4417B20739F8000B871E1 /* Foundation.framework */ = {isa = PBXFileReference; lastKnownFileType = wrapper.framework; name = Foundation.framework; path = System/Library/Frameworks/Foundation.framework; sourceTree = SDKROOT; };
		60B4417C20739F8500B871E1 /* UIKit.framework */ = {isa = PBXFileReference; lastKnownFileType = wrapper.framework; name = UIKit.framework; path = System/Library/Frameworks/UIKit.framework; sourceTree = SDKROOT; };
		60B4417D20739F8E00B871E1 /* CoreFoundation.framework */ = {isa = PBXFileReference; lastKnownFileType = wrapper.framework; name = CoreFoundation.framework; path = System/Library/Frameworks/CoreFoundation.framework; sourceTree = SDKROOT; };
		60B4417E20739FDC00B871E1 /* libz.tbd */ = {isa = PBXFileReference; lastKnownFileType = "sourcecode.text-based-dylib-definition"; name = libz.tbd; path = usr/lib/libz.tbd; sourceTree = SDKROOT; };
		60C175ED207868330077DD0D /* MEBaseScene.h */ = {isa = PBXFileReference; lastKnownFileType = sourcecode.c.h; path = MEBaseScene.h; sourceTree = "<group>"; };
		60C175EE207868330077DD0D /* MEBaseScene.m */ = {isa = PBXFileReference; lastKnownFileType = sourcecode.c.objc; path = MEBaseScene.m; sourceTree = "<group>"; };
		60C175F0207868730077DD0D /* MEVideoPlayProfile.h */ = {isa = PBXFileReference; lastKnownFileType = sourcecode.c.h; path = MEVideoPlayProfile.h; sourceTree = "<group>"; };
		60C175F1207868730077DD0D /* MEVideoPlayProfile.m */ = {isa = PBXFileReference; lastKnownFileType = sourcecode.c.objc; path = MEVideoPlayProfile.m; sourceTree = "<group>"; };
		60C175F3207868FF0077DD0D /* AVFoundation.framework */ = {isa = PBXFileReference; lastKnownFileType = wrapper.framework; name = AVFoundation.framework; path = System/Library/Frameworks/AVFoundation.framework; sourceTree = SDKROOT; };
		60C175F42078A6370077DD0D /* MEPrefix.pch */ = {isa = PBXFileReference; lastKnownFileType = sourcecode.c.h; path = MEPrefix.pch; sourceTree = "<group>"; };
		60C175F52078B0D50077DD0D /* MediaPlayer.framework */ = {isa = PBXFileReference; lastKnownFileType = wrapper.framework; name = MediaPlayer.framework; path = System/Library/Frameworks/MediaPlayer.framework; sourceTree = SDKROOT; };
		60C175FB2078CA0E0077DD0D /* tenggeer.mp4 */ = {isa = PBXFileReference; lastKnownFileType = file; path = tenggeer.mp4; sourceTree = "<group>"; };
		60C175FD2078CE320077DD0D /* MEPlayerControl.h */ = {isa = PBXFileReference; lastKnownFileType = sourcecode.c.h; path = MEPlayerControl.h; sourceTree = "<group>"; };
		60C175FE2078CE320077DD0D /* MEPlayerControl.m */ = {isa = PBXFileReference; lastKnownFileType = sourcecode.c.objc; path = MEPlayerControl.m; sourceTree = "<group>"; };
		60C176002078D46F0077DD0D /* MEPlayerLike.h */ = {isa = PBXFileReference; lastKnownFileType = sourcecode.c.h; path = MEPlayerLike.h; sourceTree = "<group>"; };
		60C176012078D46F0077DD0D /* MEPlayerLike.m */ = {isa = PBXFileReference; lastKnownFileType = sourcecode.c.objc; path = MEPlayerLike.m; sourceTree = "<group>"; };
		60C176052078D5CE0077DD0D /* MEPlayerLike.xib */ = {isa = PBXFileReference; lastKnownFileType = file.xib; path = MEPlayerLike.xib; sourceTree = "<group>"; };
		60C176072078DEB70077DD0D /* MEVideoRelateVM.h */ = {isa = PBXFileReference; lastKnownFileType = sourcecode.c.h; path = MEVideoRelateVM.h; sourceTree = "<group>"; };
		60C176082078DEB70077DD0D /* MEVideoRelateVM.m */ = {isa = PBXFileReference; lastKnownFileType = sourcecode.c.objc; path = MEVideoRelateVM.m; sourceTree = "<group>"; };
		60ED4B7520774A51008557F2 /* CoreGraphics.framework */ = {isa = PBXFileReference; lastKnownFileType = wrapper.framework; name = CoreGraphics.framework; path = System/Library/Frameworks/CoreGraphics.framework; sourceTree = SDKROOT; };
		6EB6CD631A8393192773F231 /* Pods-MultiEducation.debug.xcconfig */ = {isa = PBXFileReference; includeInIndex = 1; lastKnownFileType = text.xcconfig; name = "Pods-MultiEducation.debug.xcconfig"; path = "Pods/Target Support Files/Pods-MultiEducation/Pods-MultiEducation.debug.xcconfig"; sourceTree = "<group>"; };
		BBB1C157DB056E68EE7C7CA2 /* libPods-MultiEducation.a */ = {isa = PBXFileReference; explicitFileType = archive.ar; includeInIndex = 0; path = "libPods-MultiEducation.a"; sourceTree = BUILT_PRODUCTS_DIR; };
		EC46A5708A4601A65D1E9717 /* Pods-MultiEducation.release.xcconfig */ = {isa = PBXFileReference; includeInIndex = 1; lastKnownFileType = text.xcconfig; name = "Pods-MultiEducation.release.xcconfig"; path = "Pods/Target Support Files/Pods-MultiEducation/Pods-MultiEducation.release.xcconfig"; sourceTree = "<group>"; };
/* End PBXFileReference section */

/* Begin PBXFrameworksBuildPhase section */
		60B4413920735B6400B871E1 /* Frameworks */ = {
			isa = PBXFrameworksBuildPhase;
			buildActionMask = 2147483647;
			files = (
				7A34CE401660B5173CE3F117 /* libPods-MultiEducation.a in Frameworks */,
				60B4417F20739FDC00B871E1 /* libz.tbd in Frameworks */,
				1373F5D62AFE58EA0869F07F /* SystemConfiguration.framework in Frameworks */,
				60B4417A20739F7A00B871E1 /* libsqlite3.0.tbd in Frameworks */,
			);
			runOnlyForDeploymentPostprocessing = 0;
		};
		60B4415120735B6400B871E1 /* Frameworks */ = {
			isa = PBXFrameworksBuildPhase;
			buildActionMask = 2147483647;
			files = (
			);
			runOnlyForDeploymentPostprocessing = 0;
		};
		60B4415C20735B6400B871E1 /* Frameworks */ = {
			isa = PBXFrameworksBuildPhase;
			buildActionMask = 2147483647;
			files = (
			);
			runOnlyForDeploymentPostprocessing = 0;
		};
/* End PBXFrameworksBuildPhase section */

/* Begin PBXGroup section */
		28C4FF93E5BD89F5F619F20F /* Frameworks */ = {
			isa = PBXGroup;
			children = (
				60C175F52078B0D50077DD0D /* MediaPlayer.framework */,
				60C175F3207868FF0077DD0D /* AVFoundation.framework */,
				60ED4B7520774A51008557F2 /* CoreGraphics.framework */,
				60B4417E20739FDC00B871E1 /* libz.tbd */,
				60B4417D20739F8E00B871E1 /* CoreFoundation.framework */,
				60B4417C20739F8500B871E1 /* UIKit.framework */,
				60B4417B20739F8000B871E1 /* Foundation.framework */,
				60B4417920739F7A00B871E1 /* libsqlite3.0.tbd */,
				60B4417620739F6E00B871E1 /* CFNetwork.framework */,
				BBB1C157DB056E68EE7C7CA2 /* libPods-MultiEducation.a */,
				1373F5B91EEBB1F4B52DF8C0 /* SystemConfiguration.framework */,
			);
			name = Frameworks;
			sourceTree = "<group>";
		};
		608338E52075E54100BD565E /* UtilKits */ = {
			isa = PBXGroup;
			children = (
				608338E62075E57700BD565E /* MEKits.h */,
				608338E72075E57700BD565E /* MEKits.m */,
			);
			path = UtilKits;
			sourceTree = "<group>";
		};
		608338E92075EAEF00BD565E /* Bases */ = {
			isa = PBXGroup;
			children = (
				608338EA2075EAEF00BD565E /* MEBaseNavigationProfile.h */,
				608338EB2075EAEF00BD565E /* MEBaseNavigationProfile.m */,
				608338EC2075EAEF00BD565E /* MEBaseProfile.h */,
				608338ED2075EAEF00BD565E /* MEBaseProfile.m */,
				608338EE2075EAEF00BD565E /* MEBaseTabBarProfile.h */,
				608338EF2075EAEF00BD565E /* MEBaseTabBarProfile.m */,
				60C175ED207868330077DD0D /* MEBaseScene.h */,
				60C175EE207868330077DD0D /* MEBaseScene.m */,
			);
			path = Bases;
			sourceTree = "<group>";
		};
		608338F02075EAF000BD565E /* ViewModels */ = {
			isa = PBXGroup;
			children = (
				608339002075F66500BD565E /* MEVM.h */,
				608339012075F66500BD565E /* MEVM.m */,
				608338FD2075EBA800BD565E /* MEUserVM.h */,
				608338FE2075EBA800BD565E /* MEUserVM.m */,
				60C176072078DEB70077DD0D /* MEVideoRelateVM.h */,
				60C176082078DEB70077DD0D /* MEVideoRelateVM.m */,
			);
			path = ViewModels;
			sourceTree = "<group>";
		};
		608338F12075EAF000BD565E /* Profiles */ = {
			isa = PBXGroup;
			children = (
				60C175EC207867C00077DD0D /* VideoPlayer */,
				608339192076540700BD565E /* Index */,
				6083391C2076540700BD565E /* chat */,
				608339182076540700BD565E /* baby */,
				6083391B2076540700BD565E /* garden */,
				6083391A2076540700BD565E /* personal */,
				608339032075FB0300BD565E /* SignInUps */,
				608338F22075EAF000BD565E /* iFrame */,
			);
			path = Profiles;
			sourceTree = "<group>";
		};
		608338F22075EAF000BD565E /* iFrame */ = {
			isa = PBXGroup;
			children = (
				608338F32075EAF000BD565E /* MEFrameProfile.h */,
				608338F42075EAF000BD565E /* MEFrameProfile.m */,
			);
			path = iFrame;
			sourceTree = "<group>";
		};
		608338F52075EAF000BD565E /* Vendors */ = {
			isa = PBXGroup;
			children = (
			);
			path = Vendors;
			sourceTree = "<group>";
		};
		608339032075FB0300BD565E /* SignInUps */ = {
			isa = PBXGroup;
			children = (
				60833904207602DE00BD565E /* MEAuthorMainProfile.h */,
				60833905207602DE00BD565E /* MEAuthorMainProfile.m */,
			);
			path = SignInUps;
			sourceTree = "<group>";
		};
		608339072076078100BD565E /* Dispatch */ = {
			isa = PBXGroup;
			children = (
				608339082076079F00BD565E /* MEDispatcher.h */,
				608339092076079F00BD565E /* MEDispatcher.m */,
				6083390B20761F1900BD565E /* MENotFoundProfile.h */,
				6083390C20761F1900BD565E /* MENotFoundProfile.m */,
			);
			path = Dispatch;
			sourceTree = "<group>";
		};
		6083390E207632FD00BD565E /* Resources */ = {
			isa = PBXGroup;
			children = (
				60C175FB2078CA0E0077DD0D /* tenggeer.mp4 */,
				6083390F207632FD00BD565E /* iconfont.ttf */,
			);
			path = Resources;
			sourceTree = "<group>";
		};
		608339172076535B00BD565E /* PBFiles */ = {
			isa = PBXGroup;
			children = (
			);
			path = PBFiles;
			sourceTree = "<group>";
		};
		608339182076540700BD565E /* baby */ = {
			isa = PBXGroup;
			children = (
				6083392C207654B600BD565E /* MEBabyProfile.h */,
				6083392D207654B600BD565E /* MEBabyProfile.m */,
			);
			path = baby;
			sourceTree = "<group>";
		};
		608339192076540700BD565E /* Index */ = {
			isa = PBXGroup;
			children = (
				6083391D2076542200BD565E /* MEIndexProfile.h */,
				6083391E2076542200BD565E /* MEIndexProfile.m */,
			);
			path = Index;
			sourceTree = "<group>";
		};
		6083391A2076540700BD565E /* personal */ = {
			isa = PBXGroup;
			children = (
				608339292076549B00BD565E /* MEPersonalProfile.h */,
				6083392A2076549B00BD565E /* MEPersonalProfile.m */,
			);
			path = personal;
			sourceTree = "<group>";
		};
		6083391B2076540700BD565E /* garden */ = {
			isa = PBXGroup;
			children = (
				608339232076546D00BD565E /* MEGardenProfile.h */,
				608339242076546D00BD565E /* MEGardenProfile.m */,
			);
			path = garden;
			sourceTree = "<group>";
		};
		6083391C2076540700BD565E /* chat */ = {
			isa = PBXGroup;
			children = (
				608339262076548B00BD565E /* MEChatSessionProfile.h */,
				608339272076548B00BD565E /* MEChatSessionProfile.m */,
			);
			path = chat;
			sourceTree = "<group>";
		};
		6083392F20765A2100BD565E /* UIComponents */ = {
			isa = PBXGroup;
			children = (
				6083393320765C8A00BD565E /* MEIndexSearchSence.h */,
				6083393420765C8A00BD565E /* MEIndexSearchSence.m */,
			);
			path = UIComponents;
			sourceTree = "<group>";
		};
		60B4413320735B6400B871E1 = {
			isa = PBXGroup;
			children = (
				60B4413E20735B6400B871E1 /* MultiEducation */,
				60B4415720735B6400B871E1 /* MultiEducationTests */,
				60B4416220735B6400B871E1 /* MultiEducationUITests */,
				60B4413D20735B6400B871E1 /* Products */,
				921A9EB02ED016D2E40FD711 /* Pods */,
				28C4FF93E5BD89F5F619F20F /* Frameworks */,
			);
			sourceTree = "<group>";
		};
		60B4413D20735B6400B871E1 /* Products */ = {
			isa = PBXGroup;
			children = (
				60B4413C20735B6400B871E1 /* MultiEducation.app */,
				60B4415420735B6400B871E1 /* MultiEducationTests.xctest */,
				60B4415F20735B6400B871E1 /* MultiEducationUITests.xctest */,
			);
			name = Products;
			sourceTree = "<group>";
		};
		60B4413E20735B6400B871E1 /* MultiEducation */ = {
			isa = PBXGroup;
			children = (
				6083390E207632FD00BD565E /* Resources */,
				608339172076535B00BD565E /* PBFiles */,
				608339072076078100BD565E /* Dispatch */,
				608338E52075E54100BD565E /* UtilKits */,
				60B4417520737B3700B871E1 /* Macros */,
				608338F52075EAF000BD565E /* Vendors */,
				60B4417120735D0600B871E1 /* Models */,
				608338F02075EAF000BD565E /* ViewModels */,
				608338E92075EAEF00BD565E /* Bases */,
				6083392F20765A2100BD565E /* UIComponents */,
				608338F12075EAF000BD565E /* Profiles */,
				60B4413F20735B6400B871E1 /* AppDelegate.h */,
				60B4414020735B6400B871E1 /* AppDelegate.m */,
				60B4414220735B6400B871E1 /* ViewController.h */,
				60B4414320735B6400B871E1 /* ViewController.m */,
				60C175F42078A6370077DD0D /* MEPrefix.pch */,
				60B4414520735B6400B871E1 /* Main.storyboard */,
				60B4414820735B6400B871E1 /* Assets.xcassets */,
				60B4414A20735B6400B871E1 /* LaunchScreen.storyboard */,
				60B4414D20735B6400B871E1 /* Info.plist */,
				60B4414E20735B6400B871E1 /* main.m */,
			);
			path = MultiEducation;
			sourceTree = "<group>";
		};
		60B4415720735B6400B871E1 /* MultiEducationTests */ = {
			isa = PBXGroup;
			children = (
				60B4415820735B6400B871E1 /* MultiEducationTests.m */,
				60B4415A20735B6400B871E1 /* Info.plist */,
			);
			path = MultiEducationTests;
			sourceTree = "<group>";
		};
		60B4416220735B6400B871E1 /* MultiEducationUITests */ = {
			isa = PBXGroup;
			children = (
				60B4416320735B6400B871E1 /* MultiEducationUITests.m */,
				60B4416520735B6400B871E1 /* Info.plist */,
			);
			path = MultiEducationUITests;
			sourceTree = "<group>";
		};
		60B4417120735D0600B871E1 /* Models */ = {
			isa = PBXGroup;
			children = (
				608338FA2075EB7400BD565E /* MEUser.h */,
				608338FB2075EB7400BD565E /* MEUser.m */,
			);
			path = Models;
			sourceTree = "<group>";
		};
		60B4417520737B3700B871E1 /* Macros */ = {
			isa = PBXGroup;
			children = (
				1373FC27CB0DAB7428D069D3 /* MEConstTypes.h */,
			);
			path = Macros;
			sourceTree = "<group>";
		};
		60C175EC207867C00077DD0D /* VideoPlayer */ = {
			isa = PBXGroup;
			children = (
				60C175F0207868730077DD0D /* MEVideoPlayProfile.h */,
				60C175F1207868730077DD0D /* MEVideoPlayProfile.m */,
				60C176002078D46F0077DD0D /* MEPlayerLike.h */,
				60C176012078D46F0077DD0D /* MEPlayerLike.m */,
				60C176052078D5CE0077DD0D /* MEPlayerLike.xib */,
				60C175FD2078CE320077DD0D /* MEPlayerControl.h */,
				60C175FE2078CE320077DD0D /* MEPlayerControl.m */,
			);
			path = VideoPlayer;
			sourceTree = "<group>";
		};
		921A9EB02ED016D2E40FD711 /* Pods */ = {
			isa = PBXGroup;
			children = (
				6EB6CD631A8393192773F231 /* Pods-MultiEducation.debug.xcconfig */,
				EC46A5708A4601A65D1E9717 /* Pods-MultiEducation.release.xcconfig */,
			);
			name = Pods;
			sourceTree = "<group>";
		};
/* End PBXGroup section */

/* Begin PBXNativeTarget section */
		60B4413B20735B6400B871E1 /* MultiEducation */ = {
			isa = PBXNativeTarget;
			buildConfigurationList = 60B4416820735B6400B871E1 /* Build configuration list for PBXNativeTarget "MultiEducation" */;
			buildPhases = (
				A127AE35E17049BE53A39444 /* [CP] Check Pods Manifest.lock */,
				60B4413820735B6400B871E1 /* Sources */,
				60B4413920735B6400B871E1 /* Frameworks */,
				60B4413A20735B6400B871E1 /* Resources */,
				A44A8880C26DB5A06FCF7E62 /* [CP] Embed Pods Frameworks */,
				B1B8B772C1B2CBFBEEF0AC13 /* [CP] Copy Pods Resources */,
			);
			buildRules = (
			);
			dependencies = (
			);
			name = MultiEducation;
			productName = MultiEducation;
			productReference = 60B4413C20735B6400B871E1 /* MultiEducation.app */;
			productType = "com.apple.product-type.application";
		};
		60B4415320735B6400B871E1 /* MultiEducationTests */ = {
			isa = PBXNativeTarget;
			buildConfigurationList = 60B4416B20735B6400B871E1 /* Build configuration list for PBXNativeTarget "MultiEducationTests" */;
			buildPhases = (
				60B4415020735B6400B871E1 /* Sources */,
				60B4415120735B6400B871E1 /* Frameworks */,
				60B4415220735B6400B871E1 /* Resources */,
			);
			buildRules = (
			);
			dependencies = (
				60B4415620735B6400B871E1 /* PBXTargetDependency */,
			);
			name = MultiEducationTests;
			productName = MultiEducationTests;
			productReference = 60B4415420735B6400B871E1 /* MultiEducationTests.xctest */;
			productType = "com.apple.product-type.bundle.unit-test";
		};
		60B4415E20735B6400B871E1 /* MultiEducationUITests */ = {
			isa = PBXNativeTarget;
			buildConfigurationList = 60B4416E20735B6400B871E1 /* Build configuration list for PBXNativeTarget "MultiEducationUITests" */;
			buildPhases = (
				60B4415B20735B6400B871E1 /* Sources */,
				60B4415C20735B6400B871E1 /* Frameworks */,
				60B4415D20735B6400B871E1 /* Resources */,
			);
			buildRules = (
			);
			dependencies = (
				60B4416120735B6400B871E1 /* PBXTargetDependency */,
			);
			name = MultiEducationUITests;
			productName = MultiEducationUITests;
			productReference = 60B4415F20735B6400B871E1 /* MultiEducationUITests.xctest */;
			productType = "com.apple.product-type.bundle.ui-testing";
		};
/* End PBXNativeTarget section */

/* Begin PBXProject section */
		60B4413420735B6400B871E1 /* Project object */ = {
			isa = PBXProject;
			attributes = {
				CLASSPREFIX = ME;
				LastUpgradeCheck = 0910;
				ORGANIZATIONNAME = niuduo;
				TargetAttributes = {
					60B4413B20735B6400B871E1 = {
						CreatedOnToolsVersion = 9.1;
						ProvisioningStyle = Automatic;
						SystemCapabilities = {
							com.apple.BackgroundModes = {
								enabled = 0;
							};
						};
					};
					60B4415320735B6400B871E1 = {
						CreatedOnToolsVersion = 9.1;
						ProvisioningStyle = Automatic;
						TestTargetID = 60B4413B20735B6400B871E1;
					};
					60B4415E20735B6400B871E1 = {
						CreatedOnToolsVersion = 9.1;
						ProvisioningStyle = Automatic;
						TestTargetID = 60B4413B20735B6400B871E1;
					};
				};
			};
			buildConfigurationList = 60B4413720735B6400B871E1 /* Build configuration list for PBXProject "MultiEducation" */;
			compatibilityVersion = "Xcode 8.0";
			developmentRegion = en;
			hasScannedForEncodings = 0;
			knownRegions = (
				en,
				Base,
			);
			mainGroup = 60B4413320735B6400B871E1;
			productRefGroup = 60B4413D20735B6400B871E1 /* Products */;
			projectDirPath = "";
			projectRoot = "";
			targets = (
				60B4413B20735B6400B871E1 /* MultiEducation */,
				60B4415320735B6400B871E1 /* MultiEducationTests */,
				60B4415E20735B6400B871E1 /* MultiEducationUITests */,
			);
		};
/* End PBXProject section */

/* Begin PBXResourcesBuildPhase section */
		60B4413A20735B6400B871E1 /* Resources */ = {
			isa = PBXResourcesBuildPhase;
			buildActionMask = 2147483647;
			files = (
				60C175FC2078CA0E0077DD0D /* tenggeer.mp4 in Resources */,
				60833910207632FE00BD565E /* iconfont.ttf in Resources */,
				60B4414C20735B6400B871E1 /* LaunchScreen.storyboard in Resources */,
				60C176062078D5CE0077DD0D /* MEPlayerLike.xib in Resources */,
				60B4414920735B6400B871E1 /* Assets.xcassets in Resources */,
				60B4414720735B6400B871E1 /* Main.storyboard in Resources */,
			);
			runOnlyForDeploymentPostprocessing = 0;
		};
		60B4415220735B6400B871E1 /* Resources */ = {
			isa = PBXResourcesBuildPhase;
			buildActionMask = 2147483647;
			files = (
			);
			runOnlyForDeploymentPostprocessing = 0;
		};
		60B4415D20735B6400B871E1 /* Resources */ = {
			isa = PBXResourcesBuildPhase;
			buildActionMask = 2147483647;
			files = (
			);
			runOnlyForDeploymentPostprocessing = 0;
		};
/* End PBXResourcesBuildPhase section */

/* Begin PBXShellScriptBuildPhase section */
		A127AE35E17049BE53A39444 /* [CP] Check Pods Manifest.lock */ = {
			isa = PBXShellScriptBuildPhase;
			buildActionMask = 2147483647;
			files = (
			);
			inputPaths = (
				"${PODS_PODFILE_DIR_PATH}/Podfile.lock",
				"${PODS_ROOT}/Manifest.lock",
			);
			name = "[CP] Check Pods Manifest.lock";
			outputPaths = (
				"$(DERIVED_FILE_DIR)/Pods-MultiEducation-checkManifestLockResult.txt",
			);
			runOnlyForDeploymentPostprocessing = 0;
			shellPath = /bin/sh;
			shellScript = "diff \"${PODS_PODFILE_DIR_PATH}/Podfile.lock\" \"${PODS_ROOT}/Manifest.lock\" > /dev/null\nif [ $? != 0 ] ; then\n    # print error to STDERR\n    echo \"error: The sandbox is not in sync with the Podfile.lock. Run 'pod install' or update your CocoaPods installation.\" >&2\n    exit 1\nfi\n# This output is used by Xcode 'outputs' to avoid re-running this script phase.\necho \"SUCCESS\" > \"${SCRIPT_OUTPUT_FILE_0}\"\n";
			showEnvVarsInLog = 0;
		};
		A44A8880C26DB5A06FCF7E62 /* [CP] Embed Pods Frameworks */ = {
			isa = PBXShellScriptBuildPhase;
			buildActionMask = 2147483647;
			files = (
			);
			inputPaths = (
			);
			name = "[CP] Embed Pods Frameworks";
			outputPaths = (
			);
			runOnlyForDeploymentPostprocessing = 0;
			shellPath = /bin/sh;
			shellScript = "\"${SRCROOT}/Pods/Target Support Files/Pods-MultiEducation/Pods-MultiEducation-frameworks.sh\"\n";
			showEnvVarsInLog = 0;
		};
		B1B8B772C1B2CBFBEEF0AC13 /* [CP] Copy Pods Resources */ = {
			isa = PBXShellScriptBuildPhase;
			buildActionMask = 2147483647;
			files = (
			);
			inputPaths = (
				"${SRCROOT}/Pods/Target Support Files/Pods-MultiEducation/Pods-MultiEducation-resources.sh",
				"${PODS_ROOT}/PBBaseClasses/PBBaseClasses/Pod/Assets/en.lproj",
				"${PODS_ROOT}/PBBaseClasses/PBBaseClasses/Pod/Assets/zh-Hans.lproj",
				"${PODS_ROOT}/PBService/PBNetService/Pod/Assets/balanceMap.json",
				"${PODS_ROOT}/PBService/PBNetService/Pod/Assets/flk_dev.cer",
				"${PODS_ROOT}/PBService/PBNetService/Pod/Assets/flk_test.cer",
				"${PODS_ROOT}/SVProgressHUD/SVProgressHUD/SVProgressHUD.bundle",
				"${PODS_ROOT}/ZFPlayer/ZFPlayer/ZFPlayer.bundle",
			);
			name = "[CP] Copy Pods Resources";
			outputPaths = (
				"${TARGET_BUILD_DIR}/${UNLOCALIZED_RESOURCES_FOLDER_PATH}/en.lproj",
				"${TARGET_BUILD_DIR}/${UNLOCALIZED_RESOURCES_FOLDER_PATH}/zh-Hans.lproj",
				"${TARGET_BUILD_DIR}/${UNLOCALIZED_RESOURCES_FOLDER_PATH}/balanceMap.json",
				"${TARGET_BUILD_DIR}/${UNLOCALIZED_RESOURCES_FOLDER_PATH}/flk_dev.cer",
				"${TARGET_BUILD_DIR}/${UNLOCALIZED_RESOURCES_FOLDER_PATH}/flk_test.cer",
				"${TARGET_BUILD_DIR}/${UNLOCALIZED_RESOURCES_FOLDER_PATH}/SVProgressHUD.bundle",
				"${TARGET_BUILD_DIR}/${UNLOCALIZED_RESOURCES_FOLDER_PATH}/ZFPlayer.bundle",
			);
			runOnlyForDeploymentPostprocessing = 0;
			shellPath = /bin/sh;
			shellScript = "\"${SRCROOT}/Pods/Target Support Files/Pods-MultiEducation/Pods-MultiEducation-resources.sh\"\n";
			showEnvVarsInLog = 0;
		};
/* End PBXShellScriptBuildPhase section */

/* Begin PBXSourcesBuildPhase section */
		60B4413820735B6400B871E1 /* Sources */ = {
			isa = PBXSourcesBuildPhase;
			buildActionMask = 2147483647;
			files = (
				608339252076546D00BD565E /* MEGardenProfile.m in Sources */,
				608338F72075EAF000BD565E /* MEBaseProfile.m in Sources */,
				608338F92075EAF000BD565E /* MEFrameProfile.m in Sources */,
				608339282076548B00BD565E /* MEChatSessionProfile.m in Sources */,
				608338F62075EAF000BD565E /* MEBaseNavigationProfile.m in Sources */,
				60C176022078D46F0077DD0D /* MEPlayerLike.m in Sources */,
				60C175EF207868330077DD0D /* MEBaseScene.m in Sources */,
				60C176092078DEB70077DD0D /* MEVideoRelateVM.m in Sources */,
				60833906207602DE00BD565E /* MEAuthorMainProfile.m in Sources */,
				608338E82075E57700BD565E /* MEKits.m in Sources */,
				60B4414420735B6400B871E1 /* ViewController.m in Sources */,
				6083390D20761F1900BD565E /* MENotFoundProfile.m in Sources */,
				608338F82075EAF000BD565E /* MEBaseTabBarProfile.m in Sources */,
				60C175FF2078CE320077DD0D /* MEPlayerControl.m in Sources */,
				60B4414F20735B6400B871E1 /* main.m in Sources */,
				608338FC2075EB7400BD565E /* MEUser.m in Sources */,
				60B4414120735B6400B871E1 /* AppDelegate.m in Sources */,
				608338FF2075EBA800BD565E /* MEUserVM.m in Sources */,
				6083393520765C8A00BD565E /* MEIndexSearchSence.m in Sources */,
				608339022075F66500BD565E /* MEVM.m in Sources */,
				6083392B2076549B00BD565E /* MEPersonalProfile.m in Sources */,
				6083390A2076079F00BD565E /* MEDispatcher.m in Sources */,
				6083391F2076542200BD565E /* MEIndexProfile.m in Sources */,
				6083392E207654B600BD565E /* MEBabyProfile.m in Sources */,
				60C175F2207868730077DD0D /* MEVideoPlayProfile.m in Sources */,
			);
			runOnlyForDeploymentPostprocessing = 0;
		};
		60B4415020735B6400B871E1 /* Sources */ = {
			isa = PBXSourcesBuildPhase;
			buildActionMask = 2147483647;
			files = (
				60B4415920735B6400B871E1 /* MultiEducationTests.m in Sources */,
			);
			runOnlyForDeploymentPostprocessing = 0;
		};
		60B4415B20735B6400B871E1 /* Sources */ = {
			isa = PBXSourcesBuildPhase;
			buildActionMask = 2147483647;
			files = (
				60B4416420735B6400B871E1 /* MultiEducationUITests.m in Sources */,
			);
			runOnlyForDeploymentPostprocessing = 0;
		};
/* End PBXSourcesBuildPhase section */

/* Begin PBXTargetDependency section */
		60B4415620735B6400B871E1 /* PBXTargetDependency */ = {
			isa = PBXTargetDependency;
			target = 60B4413B20735B6400B871E1 /* MultiEducation */;
			targetProxy = 60B4415520735B6400B871E1 /* PBXContainerItemProxy */;
		};
		60B4416120735B6400B871E1 /* PBXTargetDependency */ = {
			isa = PBXTargetDependency;
			target = 60B4413B20735B6400B871E1 /* MultiEducation */;
			targetProxy = 60B4416020735B6400B871E1 /* PBXContainerItemProxy */;
		};
/* End PBXTargetDependency section */

/* Begin PBXVariantGroup section */
		60B4414520735B6400B871E1 /* Main.storyboard */ = {
			isa = PBXVariantGroup;
			children = (
				60B4414620735B6400B871E1 /* Base */,
			);
			name = Main.storyboard;
			sourceTree = "<group>";
		};
		60B4414A20735B6400B871E1 /* LaunchScreen.storyboard */ = {
			isa = PBXVariantGroup;
			children = (
				60B4414B20735B6400B871E1 /* Base */,
			);
			name = LaunchScreen.storyboard;
			sourceTree = "<group>";
		};
/* End PBXVariantGroup section */

/* Begin XCBuildConfiguration section */
		60B4416620735B6400B871E1 /* Debug */ = {
			isa = XCBuildConfiguration;
			buildSettings = {
				ALWAYS_SEARCH_USER_PATHS = NO;
				CLANG_ANALYZER_NONNULL = YES;
				CLANG_ANALYZER_NUMBER_OBJECT_CONVERSION = YES_AGGRESSIVE;
				CLANG_CXX_LANGUAGE_STANDARD = "gnu++14";
				CLANG_CXX_LIBRARY = "libc++";
				CLANG_ENABLE_MODULES = YES;
				CLANG_ENABLE_OBJC_ARC = YES;
				CLANG_WARN_BLOCK_CAPTURE_AUTORELEASING = YES;
				CLANG_WARN_BOOL_CONVERSION = YES;
				CLANG_WARN_COMMA = YES;
				CLANG_WARN_CONSTANT_CONVERSION = YES;
				CLANG_WARN_DIRECT_OBJC_ISA_USAGE = YES_ERROR;
				CLANG_WARN_DOCUMENTATION_COMMENTS = YES;
				CLANG_WARN_EMPTY_BODY = YES;
				CLANG_WARN_ENUM_CONVERSION = YES;
				CLANG_WARN_INFINITE_RECURSION = YES;
				CLANG_WARN_INT_CONVERSION = YES;
				CLANG_WARN_NON_LITERAL_NULL_CONVERSION = YES;
				CLANG_WARN_OBJC_LITERAL_CONVERSION = YES;
				CLANG_WARN_OBJC_ROOT_CLASS = YES_ERROR;
				CLANG_WARN_RANGE_LOOP_ANALYSIS = YES;
				CLANG_WARN_STRICT_PROTOTYPES = YES;
				CLANG_WARN_SUSPICIOUS_MOVE = YES;
				CLANG_WARN_UNGUARDED_AVAILABILITY = YES_AGGRESSIVE;
				CLANG_WARN_UNREACHABLE_CODE = YES;
				CLANG_WARN__DUPLICATE_METHOD_MATCH = YES;
				CODE_SIGN_IDENTITY = "iPhone Developer";
				COPY_PHASE_STRIP = NO;
				DEBUG_INFORMATION_FORMAT = dwarf;
				ENABLE_STRICT_OBJC_MSGSEND = YES;
				ENABLE_TESTABILITY = YES;
				GCC_C_LANGUAGE_STANDARD = gnu11;
				GCC_DYNAMIC_NO_PIC = NO;
				GCC_NO_COMMON_BLOCKS = YES;
				GCC_OPTIMIZATION_LEVEL = 0;
				GCC_PREPROCESSOR_DEFINITIONS = (
					"DEBUG=1",
					"$(inherited)",
				);
				GCC_WARN_64_TO_32_BIT_CONVERSION = YES;
				GCC_WARN_ABOUT_RETURN_TYPE = YES_ERROR;
				GCC_WARN_UNDECLARED_SELECTOR = YES;
				GCC_WARN_UNINITIALIZED_AUTOS = YES_AGGRESSIVE;
				GCC_WARN_UNUSED_FUNCTION = YES;
				GCC_WARN_UNUSED_VARIABLE = YES;
				IPHONEOS_DEPLOYMENT_TARGET = 11.1;
				MTL_ENABLE_DEBUG_INFO = YES;
				ONLY_ACTIVE_ARCH = NO;
				SDKROOT = iphoneos;
			};
			name = Debug;
		};
		60B4416720735B6400B871E1 /* Release */ = {
			isa = XCBuildConfiguration;
			buildSettings = {
				ALWAYS_SEARCH_USER_PATHS = NO;
				CLANG_ANALYZER_NONNULL = YES;
				CLANG_ANALYZER_NUMBER_OBJECT_CONVERSION = YES_AGGRESSIVE;
				CLANG_CXX_LANGUAGE_STANDARD = "gnu++14";
				CLANG_CXX_LIBRARY = "libc++";
				CLANG_ENABLE_MODULES = YES;
				CLANG_ENABLE_OBJC_ARC = YES;
				CLANG_WARN_BLOCK_CAPTURE_AUTORELEASING = YES;
				CLANG_WARN_BOOL_CONVERSION = YES;
				CLANG_WARN_COMMA = YES;
				CLANG_WARN_CONSTANT_CONVERSION = YES;
				CLANG_WARN_DIRECT_OBJC_ISA_USAGE = YES_ERROR;
				CLANG_WARN_DOCUMENTATION_COMMENTS = YES;
				CLANG_WARN_EMPTY_BODY = YES;
				CLANG_WARN_ENUM_CONVERSION = YES;
				CLANG_WARN_INFINITE_RECURSION = YES;
				CLANG_WARN_INT_CONVERSION = YES;
				CLANG_WARN_NON_LITERAL_NULL_CONVERSION = YES;
				CLANG_WARN_OBJC_LITERAL_CONVERSION = YES;
				CLANG_WARN_OBJC_ROOT_CLASS = YES_ERROR;
				CLANG_WARN_RANGE_LOOP_ANALYSIS = YES;
				CLANG_WARN_STRICT_PROTOTYPES = YES;
				CLANG_WARN_SUSPICIOUS_MOVE = YES;
				CLANG_WARN_UNGUARDED_AVAILABILITY = YES_AGGRESSIVE;
				CLANG_WARN_UNREACHABLE_CODE = YES;
				CLANG_WARN__DUPLICATE_METHOD_MATCH = YES;
				CODE_SIGN_IDENTITY = "iPhone Developer";
				COPY_PHASE_STRIP = NO;
				DEBUG_INFORMATION_FORMAT = "dwarf-with-dsym";
				ENABLE_NS_ASSERTIONS = NO;
				ENABLE_STRICT_OBJC_MSGSEND = YES;
				GCC_C_LANGUAGE_STANDARD = gnu11;
				GCC_NO_COMMON_BLOCKS = YES;
				GCC_WARN_64_TO_32_BIT_CONVERSION = YES;
				GCC_WARN_ABOUT_RETURN_TYPE = YES_ERROR;
				GCC_WARN_UNDECLARED_SELECTOR = YES;
				GCC_WARN_UNINITIALIZED_AUTOS = YES_AGGRESSIVE;
				GCC_WARN_UNUSED_FUNCTION = YES;
				GCC_WARN_UNUSED_VARIABLE = YES;
				IPHONEOS_DEPLOYMENT_TARGET = 11.1;
				MTL_ENABLE_DEBUG_INFO = NO;
				ONLY_ACTIVE_ARCH = NO;
				SDKROOT = iphoneos;
				VALIDATE_PRODUCT = YES;
			};
			name = Release;
		};
		60B4416920735B6400B871E1 /* Debug */ = {
			isa = XCBuildConfiguration;
			baseConfigurationReference = 6EB6CD631A8393192773F231 /* Pods-MultiEducation.debug.xcconfig */;
			buildSettings = {
				ASSETCATALOG_COMPILER_APPICON_NAME = AppIcon;
				CODE_SIGN_STYLE = Automatic;
				DEVELOPMENT_TEAM = M8K6A7692X;
				GCC_PRECOMPILE_PREFIX_HEADER = YES;
				GCC_PREFIX_HEADER = $SRCROOT/MultiEducation/MEPrefix.pch;
				INFOPLIST_FILE = MultiEducation/Info.plist;
				IPHONEOS_DEPLOYMENT_TARGET = 9.0;
				LD_RUNPATH_SEARCH_PATHS = "$(inherited) @executable_path/Frameworks";
				PRODUCT_BUNDLE_IDENTIFIER = com.nanhu.yuanbao;
				PRODUCT_NAME = "$(TARGET_NAME)";
				TARGETED_DEVICE_FAMILY = "1,2";
			};
			name = Debug;
		};
		60B4416A20735B6400B871E1 /* Release */ = {
			isa = XCBuildConfiguration;
			baseConfigurationReference = EC46A5708A4601A65D1E9717 /* Pods-MultiEducation.release.xcconfig */;
			buildSettings = {
				ASSETCATALOG_COMPILER_APPICON_NAME = AppIcon;
				CODE_SIGN_STYLE = Automatic;
				DEVELOPMENT_TEAM = M8K6A7692X;
				GCC_PRECOMPILE_PREFIX_HEADER = YES;
				GCC_PREFIX_HEADER = $SRCROOT/MultiEducation/MEPrefix.pch;
				INFOPLIST_FILE = MultiEducation/Info.plist;
				IPHONEOS_DEPLOYMENT_TARGET = 9.0;
				LD_RUNPATH_SEARCH_PATHS = "$(inherited) @executable_path/Frameworks";
				PRODUCT_BUNDLE_IDENTIFIER = com.nanhu.yuanbao;
				PRODUCT_NAME = "$(TARGET_NAME)";
				TARGETED_DEVICE_FAMILY = "1,2";
			};
			name = Release;
		};
		60B4416C20735B6400B871E1 /* Debug */ = {
			isa = XCBuildConfiguration;
			buildSettings = {
				BUNDLE_LOADER = "$(TEST_HOST)";
				CODE_SIGN_STYLE = Automatic;
				INFOPLIST_FILE = MultiEducationTests/Info.plist;
				LD_RUNPATH_SEARCH_PATHS = "$(inherited) @executable_path/Frameworks @loader_path/Frameworks";
				PRODUCT_BUNDLE_IDENTIFIER = com.niuduo.multiedu.MultiEducationTests;
				PRODUCT_NAME = "$(TARGET_NAME)";
				TARGETED_DEVICE_FAMILY = "1,2";
				TEST_HOST = "$(BUILT_PRODUCTS_DIR)/MultiEducation.app/MultiEducation";
			};
			name = Debug;
		};
		60B4416D20735B6400B871E1 /* Release */ = {
			isa = XCBuildConfiguration;
			buildSettings = {
				BUNDLE_LOADER = "$(TEST_HOST)";
				CODE_SIGN_STYLE = Automatic;
				INFOPLIST_FILE = MultiEducationTests/Info.plist;
				LD_RUNPATH_SEARCH_PATHS = "$(inherited) @executable_path/Frameworks @loader_path/Frameworks";
				PRODUCT_BUNDLE_IDENTIFIER = com.niuduo.multiedu.MultiEducationTests;
				PRODUCT_NAME = "$(TARGET_NAME)";
				TARGETED_DEVICE_FAMILY = "1,2";
				TEST_HOST = "$(BUILT_PRODUCTS_DIR)/MultiEducation.app/MultiEducation";
			};
			name = Release;
		};
		60B4416F20735B6400B871E1 /* Debug */ = {
			isa = XCBuildConfiguration;
			buildSettings = {
				CODE_SIGN_STYLE = Automatic;
				INFOPLIST_FILE = MultiEducationUITests/Info.plist;
				LD_RUNPATH_SEARCH_PATHS = "$(inherited) @executable_path/Frameworks @loader_path/Frameworks";
				PRODUCT_BUNDLE_IDENTIFIER = com.niuduo.multiedu.MultiEducationUITests;
				PRODUCT_NAME = "$(TARGET_NAME)";
				TARGETED_DEVICE_FAMILY = "1,2";
				TEST_TARGET_NAME = MultiEducation;
			};
			name = Debug;
		};
		60B4417020735B6400B871E1 /* Release */ = {
			isa = XCBuildConfiguration;
			buildSettings = {
				CODE_SIGN_STYLE = Automatic;
				INFOPLIST_FILE = MultiEducationUITests/Info.plist;
				LD_RUNPATH_SEARCH_PATHS = "$(inherited) @executable_path/Frameworks @loader_path/Frameworks";
				PRODUCT_BUNDLE_IDENTIFIER = com.niuduo.multiedu.MultiEducationUITests;
				PRODUCT_NAME = "$(TARGET_NAME)";
				TARGETED_DEVICE_FAMILY = "1,2";
				TEST_TARGET_NAME = MultiEducation;
			};
			name = Release;
		};
/* End XCBuildConfiguration section */

/* Begin XCConfigurationList section */
		60B4413720735B6400B871E1 /* Build configuration list for PBXProject "MultiEducation" */ = {
			isa = XCConfigurationList;
			buildConfigurations = (
				60B4416620735B6400B871E1 /* Debug */,
				60B4416720735B6400B871E1 /* Release */,
			);
			defaultConfigurationIsVisible = 0;
			defaultConfigurationName = Release;
		};
		60B4416820735B6400B871E1 /* Build configuration list for PBXNativeTarget "MultiEducation" */ = {
			isa = XCConfigurationList;
			buildConfigurations = (
				60B4416920735B6400B871E1 /* Debug */,
				60B4416A20735B6400B871E1 /* Release */,
			);
			defaultConfigurationIsVisible = 0;
			defaultConfigurationName = Release;
		};
		60B4416B20735B6400B871E1 /* Build configuration list for PBXNativeTarget "MultiEducationTests" */ = {
			isa = XCConfigurationList;
			buildConfigurations = (
				60B4416C20735B6400B871E1 /* Debug */,
				60B4416D20735B6400B871E1 /* Release */,
			);
			defaultConfigurationIsVisible = 0;
			defaultConfigurationName = Release;
		};
		60B4416E20735B6400B871E1 /* Build configuration list for PBXNativeTarget "MultiEducationUITests" */ = {
			isa = XCConfigurationList;
			buildConfigurations = (
				60B4416F20735B6400B871E1 /* Debug */,
				60B4417020735B6400B871E1 /* Release */,
			);
			defaultConfigurationIsVisible = 0;
			defaultConfigurationName = Release;
		};
/* End XCConfigurationList section */
	};
	rootObject = 60B4413420735B6400B871E1 /* Project object */;
}
