// !$*UTF8*$!
{
	archiveVersion = 1;
	classes = {
	};
	objectVersion = 48;
	objects = {

/* Begin PBXBuildFile section */
		60B4414120735B6400B871E1 /* AppDelegate.m in Sources */ = {isa = PBXBuildFile; fileRef = 60B4414020735B6400B871E1 /* AppDelegate.m */; };
		60B4414420735B6400B871E1 /* ViewController.m in Sources */ = {isa = PBXBuildFile; fileRef = 60B4414320735B6400B871E1 /* ViewController.m */; };
		60B4414720735B6400B871E1 /* Main.storyboard in Resources */ = {isa = PBXBuildFile; fileRef = 60B4414520735B6400B871E1 /* Main.storyboard */; };
		60B4414920735B6400B871E1 /* Assets.xcassets in Resources */ = {isa = PBXBuildFile; fileRef = 60B4414820735B6400B871E1 /* Assets.xcassets */; };
		60B4414C20735B6400B871E1 /* LaunchScreen.storyboard in Resources */ = {isa = PBXBuildFile; fileRef = 60B4414A20735B6400B871E1 /* LaunchScreen.storyboard */; };
		60B4414F20735B6400B871E1 /* main.m in Sources */ = {isa = PBXBuildFile; fileRef = 60B4414E20735B6400B871E1 /* main.m */; };
		60B4415920735B6400B871E1 /* MultiEducationTests.m in Sources */ = {isa = PBXBuildFile; fileRef = 60B4415820735B6400B871E1 /* MultiEducationTests.m */; };
		60B4416420735B6400B871E1 /* MultiEducationUITests.m in Sources */ = {isa = PBXBuildFile; fileRef = 60B4416320735B6400B871E1 /* MultiEducationUITests.m */; };
/* End PBXBuildFile section */

/* Begin PBXContainerItemProxy section */
		60B4415520735B6400B871E1 /* PBXContainerItemProxy */ = {
			isa = PBXContainerItemProxy;
			containerPortal = 60B4413420735B6400B871E1 /* Project object */;
			proxyType = 1;
			remoteGlobalIDString = 60B4413B20735B6400B871E1;
			remoteInfo = MultiEducation;
		};
		60B4416020735B6400B871E1 /* PBXContainerItemProxy */ = {
			isa = PBXContainerItemProxy;
			containerPortal = 60B4413420735B6400B871E1 /* Project object */;
			proxyType = 1;
			remoteGlobalIDString = 60B4413B20735B6400B871E1;
			remoteInfo = MultiEducation;
		};
/* End PBXContainerItemProxy section */

/* Begin PBXFileReference section */
		60B4413C20735B6400B871E1 /* MultiEducation.app */ = {isa = PBXFileReference; explicitFileType = wrapper.application; includeInIndex = 0; path = MultiEducation.app; sourceTree = BUILT_PRODUCTS_DIR; };
		60B4413F20735B6400B871E1 /* AppDelegate.h */ = {isa = PBXFileReference; lastKnownFileType = sourcecode.c.h; path = AppDelegate.h; sourceTree = "<group>"; };
		60B4414020735B6400B871E1 /* AppDelegate.m */ = {isa = PBXFileReference; lastKnownFileType = sourcecode.c.objc; path = AppDelegate.m; sourceTree = "<group>"; };
		60B4414220735B6400B871E1 /* ViewController.h */ = {isa = PBXFileReference; lastKnownFileType = sourcecode.c.h; path = ViewController.h; sourceTree = "<group>"; };
		60B4414320735B6400B871E1 /* ViewController.m */ = {isa = PBXFileReference; lastKnownFileType = sourcecode.c.objc; path = ViewController.m; sourceTree = "<group>"; };
		60B4414620735B6400B871E1 /* Base */ = {isa = PBXFileReference; lastKnownFileType = file.storyboard; name = Base; path = Base.lproj/Main.storyboard; sourceTree = "<group>"; };
		60B4414820735B6400B871E1 /* Assets.xcassets */ = {isa = PBXFileReference; lastKnownFileType = folder.assetcatalog; path = Assets.xcassets; sourceTree = "<group>"; };
		60B4414B20735B6400B871E1 /* Base */ = {isa = PBXFileReference; lastKnownFileType = file.storyboard; name = Base; path = Base.lproj/LaunchScreen.storyboard; sourceTree = "<group>"; };
		60B4414D20735B6400B871E1 /* Info.plist */ = {isa = PBXFileReference; lastKnownFileType = text.plist.xml; path = Info.plist; sourceTree = "<group>"; };
		60B4414E20735B6400B871E1 /* main.m */ = {isa = PBXFileReference; lastKnownFileType = sourcecode.c.objc; path = main.m; sourceTree = "<group>"; };
		60B4415420735B6400B871E1 /* MultiEducationTests.xctest */ = {isa = PBXFileReference; explicitFileType = wrapper.cfbundle; includeInIndex = 0; path = MultiEducationTests.xctest; sourceTree = BUILT_PRODUCTS_DIR; };
		60B4415820735B6400B871E1 /* MultiEducationTests.m */ = {isa = PBXFileReference; lastKnownFileType = sourcecode.c.objc; path = MultiEducationTests.m; sourceTree = "<group>"; };
		60B4415A20735B6400B871E1 /* Info.plist */ = {isa = PBXFileReference; lastKnownFileType = text.plist.xml; path = Info.plist; sourceTree = "<group>"; };
		60B4415F20735B6400B871E1 /* MultiEducationUITests.xctest */ = {isa = PBXFileReference; explicitFileType = wrapper.cfbundle; includeInIndex = 0; path = MultiEducationUITests.xctest; sourceTree = BUILT_PRODUCTS_DIR; };
		60B4416320735B6400B871E1 /* MultiEducationUITests.m */ = {isa = PBXFileReference; lastKnownFileType = sourcecode.c.objc; path = MultiEducationUITests.m; sourceTree = "<group>"; };
		60B4416520735B6400B871E1 /* Info.plist */ = {isa = PBXFileReference; lastKnownFileType = text.plist.xml; path = Info.plist; sourceTree = "<group>"; };
/* End PBXFileReference section */

/* Begin PBXFrameworksBuildPhase section */
		60B4413920735B6400B871E1 /* Frameworks */ = {
			isa = PBXFrameworksBuildPhase;
			buildActionMask = 2147483647;
			files = (
			);
			runOnlyForDeploymentPostprocessing = 0;
		};
		60B4415120735B6400B871E1 /* Frameworks */ = {
			isa = PBXFrameworksBuildPhase;
			buildActionMask = 2147483647;
			files = (
			);
			runOnlyForDeploymentPostprocessing = 0;
		};
		60B4415C20735B6400B871E1 /* Frameworks */ = {
			isa = PBXFrameworksBuildPhase;
			buildActionMask = 2147483647;
			files = (
			);
			runOnlyForDeploymentPostprocessing = 0;
		};
/* End PBXFrameworksBuildPhase section */

/* Begin PBXGroup section */
		60B4413320735B6400B871E1 = {
			isa = PBXGroup;
			children = (
				60B4413E20735B6400B871E1 /* MultiEducation */,
				60B4415720735B6400B871E1 /* MultiEducationTests */,
				60B4416220735B6400B871E1 /* MultiEducationUITests */,
				60B4413D20735B6400B871E1 /* Products */,
			);
			sourceTree = "<group>";
		};
		60B4413D20735B6400B871E1 /* Products */ = {
			isa = PBXGroup;
			children = (
				60B4413C20735B6400B871E1 /* MultiEducation.app */,
				60B4415420735B6400B871E1 /* MultiEducationTests.xctest */,
				60B4415F20735B6400B871E1 /* MultiEducationUITests.xctest */,
			);
			name = Products;
			sourceTree = "<group>";
		};
		60B4413E20735B6400B871E1 /* MultiEducation */ = {
			isa = PBXGroup;
			children = (
				60B4413F20735B6400B871E1 /* AppDelegate.h */,
				60B4414020735B6400B871E1 /* AppDelegate.m */,
				60B4414220735B6400B871E1 /* ViewController.h */,
				60B4414320735B6400B871E1 /* ViewController.m */,
				60B4414520735B6400B871E1 /* Main.storyboard */,
				60B4414820735B6400B871E1 /* Assets.xcassets */,
				60B4414A20735B6400B871E1 /* LaunchScreen.storyboard */,
				60B4414D20735B6400B871E1 /* Info.plist */,
				60B4414E20735B6400B871E1 /* main.m */,
			);
			path = MultiEducation;
			sourceTree = "<group>";
		};
		60B4415720735B6400B871E1 /* MultiEducationTests */ = {
			isa = PBXGroup;
			children = (
				60B4415820735B6400B871E1 /* MultiEducationTests.m */,
				60B4415A20735B6400B871E1 /* Info.plist */,
			);
			path = MultiEducationTests;
			sourceTree = "<group>";
		};
		60B4416220735B6400B871E1 /* MultiEducationUITests */ = {
			isa = PBXGroup;
			children = (
				60B4416320735B6400B871E1 /* MultiEducationUITests.m */,
				60B4416520735B6400B871E1 /* Info.plist */,
			);
			path = MultiEducationUITests;
			sourceTree = "<group>";
		};
/* End PBXGroup section */

/* Begin PBXNativeTarget section */
		60B4413B20735B6400B871E1 /* MultiEducation */ = {
			isa = PBXNativeTarget;
			buildConfigurationList = 60B4416820735B6400B871E1 /* Build configuration list for PBXNativeTarget "MultiEducation" */;
			buildPhases = (
				60B4413820735B6400B871E1 /* Sources */,
				60B4413920735B6400B871E1 /* Frameworks */,
				60B4413A20735B6400B871E1 /* Resources */,
			);
			buildRules = (
			);
			dependencies = (
			);
			name = MultiEducation;
			productName = MultiEducation;
			productReference = 60B4413C20735B6400B871E1 /* MultiEducation.app */;
			productType = "com.apple.product-type.application";
		};
		60B4415320735B6400B871E1 /* MultiEducationTests */ = {
			isa = PBXNativeTarget;
			buildConfigurationList = 60B4416B20735B6400B871E1 /* Build configuration list for PBXNativeTarget "MultiEducationTests" */;
			buildPhases = (
				60B4415020735B6400B871E1 /* Sources */,
				60B4415120735B6400B871E1 /* Frameworks */,
				60B4415220735B6400B871E1 /* Resources */,
			);
			buildRules = (
			);
			dependencies = (
				60B4415620735B6400B871E1 /* PBXTargetDependency */,
			);
			name = MultiEducationTests;
			productName = MultiEducationTests;
			productReference = 60B4415420735B6400B871E1 /* MultiEducationTests.xctest */;
			productType = "com.apple.product-type.bundle.unit-test";
		};
		60B4415E20735B6400B871E1 /* MultiEducationUITests */ = {
			isa = PBXNativeTarget;
			buildConfigurationList = 60B4416E20735B6400B871E1 /* Build configuration list for PBXNativeTarget "MultiEducationUITests" */;
			buildPhases = (
				60B4415B20735B6400B871E1 /* Sources */,
				60B4415C20735B6400B871E1 /* Frameworks */,
				60B4415D20735B6400B871E1 /* Resources */,
			);
			buildRules = (
			);
			dependencies = (
				60B4416120735B6400B871E1 /* PBXTargetDependency */,
			);
			name = MultiEducationUITests;
			productName = MultiEducationUITests;
			productReference = 60B4415F20735B6400B871E1 /* MultiEducationUITests.xctest */;
			productType = "com.apple.product-type.bundle.ui-testing";
		};
/* End PBXNativeTarget section */

/* Begin PBXProject section */
		60B4413420735B6400B871E1 /* Project object */ = {
			isa = PBXProject;
			attributes = {
				LastUpgradeCheck = 0910;
				ORGANIZATIONNAME = niuduo;
				TargetAttributes = {
					60B4413B20735B6400B871E1 = {
						CreatedOnToolsVersion = 9.1;
						ProvisioningStyle = Automatic;
					};
					60B4415320735B6400B871E1 = {
						CreatedOnToolsVersion = 9.1;
						ProvisioningStyle = Automatic;
						TestTargetID = 60B4413B20735B6400B871E1;
					};
					60B4415E20735B6400B871E1 = {
						CreatedOnToolsVersion = 9.1;
						ProvisioningStyle = Automatic;
						TestTargetID = 60B4413B20735B6400B871E1;
					};
				};
			};
			buildConfigurationList = 60B4413720735B6400B871E1 /* Build configuration list for PBXProject "MultiEducation" */;
			compatibilityVersion = "Xcode 8.0";
			developmentRegion = en;
			hasScannedForEncodings = 0;
			knownRegions = (
				en,
				Base,
			);
			mainGroup = 60B4413320735B6400B871E1;
			productRefGroup = 60B4413D20735B6400B871E1 /* Products */;
			projectDirPath = "";
			projectRoot = "";
			targets = (
				60B4413B20735B6400B871E1 /* MultiEducation */,
				60B4415320735B6400B871E1 /* MultiEducationTests */,
				60B4415E20735B6400B871E1 /* MultiEducationUITests */,
			);
		};
/* End PBXProject section */

/* Begin PBXResourcesBuildPhase section */
		60B4413A20735B6400B871E1 /* Resources */ = {
			isa = PBXResourcesBuildPhase;
			buildActionMask = 2147483647;
			files = (
				60B4414C20735B6400B871E1 /* LaunchScreen.storyboard in Resources */,
				60B4414920735B6400B871E1 /* Assets.xcassets in Resources */,
				60B4414720735B6400B871E1 /* Main.storyboard in Resources */,
			);
			runOnlyForDeploymentPostprocessing = 0;
		};
		60B4415220735B6400B871E1 /* Resources */ = {
			isa = PBXResourcesBuildPhase;
			buildActionMask = 2147483647;
			files = (
			);
			runOnlyForDeploymentPostprocessing = 0;
		};
		60B4415D20735B6400B871E1 /* Resources */ = {
			isa = PBXResourcesBuildPhase;
			buildActionMask = 2147483647;
			files = (
			);
			runOnlyForDeploymentPostprocessing = 0;
		};
/* End PBXResourcesBuildPhase section */

/* Begin PBXSourcesBuildPhase section */
		60B4413820735B6400B871E1 /* Sources */ = {
			isa = PBXSourcesBuildPhase;
			buildActionMask = 2147483647;
			files = (
				60B4414420735B6400B871E1 /* ViewController.m in Sources */,
				60B4414F20735B6400B871E1 /* main.m in Sources */,
				60B4414120735B6400B871E1 /* AppDelegate.m in Sources */,
			);
			runOnlyForDeploymentPostprocessing = 0;
		};
		60B4415020735B6400B871E1 /* Sources */ = {
			isa = PBXSourcesBuildPhase;
			buildActionMask = 2147483647;
			files = (
				60B4415920735B6400B871E1 /* MultiEducationTests.m in Sources */,
			);
			runOnlyForDeploymentPostprocessing = 0;
		};
		60B4415B20735B6400B871E1 /* Sources */ = {
			isa = PBXSourcesBuildPhase;
			buildActionMask = 2147483647;
			files = (
				60B4416420735B6400B871E1 /* MultiEducationUITests.m in Sources */,
			);
			runOnlyForDeploymentPostprocessing = 0;
		};
/* End PBXSourcesBuildPhase section */

/* Begin PBXTargetDependency section */
		60B4415620735B6400B871E1 /* PBXTargetDependency */ = {
			isa = PBXTargetDependency;
			target = 60B4413B20735B6400B871E1 /* MultiEducation */;
			targetProxy = 60B4415520735B6400B871E1 /* PBXContainerItemProxy */;
		};
		60B4416120735B6400B871E1 /* PBXTargetDependency */ = {
			isa = PBXTargetDependency;
			target = 60B4413B20735B6400B871E1 /* MultiEducation */;
			targetProxy = 60B4416020735B6400B871E1 /* PBXContainerItemProxy */;
		};
/* End PBXTargetDependency section */

/* Begin PBXVariantGroup section */
		60B4414520735B6400B871E1 /* Main.storyboard */ = {
			isa = PBXVariantGroup;
			children = (
				60B4414620735B6400B871E1 /* Base */,
			);
			name = Main.storyboard;
			sourceTree = "<group>";
		};
		60B4414A20735B6400B871E1 /* LaunchScreen.storyboard */ = {
			isa = PBXVariantGroup;
			children = (
				60B4414B20735B6400B871E1 /* Base */,
			);
			name = LaunchScreen.storyboard;
			sourceTree = "<group>";
		};
/* End PBXVariantGroup section */

/* Begin XCBuildConfiguration section */
		60B4416620735B6400B871E1 /* Debug */ = {
			isa = XCBuildConfiguration;
			buildSettings = {
				ALWAYS_SEARCH_USER_PATHS = NO;
				CLANG_ANALYZER_NONNULL = YES;
				CLANG_ANALYZER_NUMBER_OBJECT_CONVERSION = YES_AGGRESSIVE;
				CLANG_CXX_LANGUAGE_STANDARD = "gnu++14";
				CLANG_CXX_LIBRARY = "libc++";
				CLANG_ENABLE_MODULES = YES;
				CLANG_ENABLE_OBJC_ARC = YES;
				CLANG_WARN_BLOCK_CAPTURE_AUTORELEASING = YES;
				CLANG_WARN_BOOL_CONVERSION = YES;
				CLANG_WARN_COMMA = YES;
				CLANG_WARN_CONSTANT_CONVERSION = YES;
				CLANG_WARN_DIRECT_OBJC_ISA_USAGE = YES_ERROR;
				CLANG_WARN_DOCUMENTATION_COMMENTS = YES;
				CLANG_WARN_EMPTY_BODY = YES;
				CLANG_WARN_ENUM_CONVERSION = YES;
				CLANG_WARN_INFINITE_RECURSION = YES;
				CLANG_WARN_INT_CONVERSION = YES;
				CLANG_WARN_NON_LITERAL_NULL_CONVERSION = YES;
				CLANG_WARN_OBJC_LITERAL_CONVERSION = YES;
				CLANG_WARN_OBJC_ROOT_CLASS = YES_ERROR;
				CLANG_WARN_RANGE_LOOP_ANALYSIS = YES;
				CLANG_WARN_STRICT_PROTOTYPES = YES;
				CLANG_WARN_SUSPICIOUS_MOVE = YES;
				CLANG_WARN_UNGUARDED_AVAILABILITY = YES_AGGRESSIVE;
				CLANG_WARN_UNREACHABLE_CODE = YES;
				CLANG_WARN__DUPLICATE_METHOD_MATCH = YES;
				CODE_SIGN_IDENTITY = "iPhone Developer";
				COPY_PHASE_STRIP = NO;
				DEBUG_INFORMATION_FORMAT = dwarf;
				ENABLE_STRICT_OBJC_MSGSEND = YES;
				ENABLE_TESTABILITY = YES;
				GCC_C_LANGUAGE_STANDARD = gnu11;
				GCC_DYNAMIC_NO_PIC = NO;
				GCC_NO_COMMON_BLOCKS = YES;
				GCC_OPTIMIZATION_LEVEL = 0;
				GCC_PREPROCESSOR_DEFINITIONS = (
					"DEBUG=1",
					"$(inherited)",
				);
				GCC_WARN_64_TO_32_BIT_CONVERSION = YES;
				GCC_WARN_ABOUT_RETURN_TYPE = YES_ERROR;
				GCC_WARN_UNDECLARED_SELECTOR = YES;
				GCC_WARN_UNINITIALIZED_AUTOS = YES_AGGRESSIVE;
				GCC_WARN_UNUSED_FUNCTION = YES;
				GCC_WARN_UNUSED_VARIABLE = YES;
				IPHONEOS_DEPLOYMENT_TARGET = 11.1;
				MTL_ENABLE_DEBUG_INFO = YES;
				ONLY_ACTIVE_ARCH = YES;
				SDKROOT = iphoneos;
			};
			name = Debug;
		};
		60B4416720735B6400B871E1 /* Release */ = {
			isa = XCBuildConfiguration;
			buildSettings = {
				ALWAYS_SEARCH_USER_PATHS = NO;
				CLANG_ANALYZER_NONNULL = YES;
				CLANG_ANALYZER_NUMBER_OBJECT_CONVERSION = YES_AGGRESSIVE;
				CLANG_CXX_LANGUAGE_STANDARD = "gnu++14";
				CLANG_CXX_LIBRARY = "libc++";
				CLANG_ENABLE_MODULES = YES;
				CLANG_ENABLE_OBJC_ARC = YES;
				CLANG_WARN_BLOCK_CAPTURE_AUTORELEASING = YES;
				CLANG_WARN_BOOL_CONVERSION = YES;
				CLANG_WARN_COMMA = YES;
				CLANG_WARN_CONSTANT_CONVERSION = YES;
				CLANG_WARN_DIRECT_OBJC_ISA_USAGE = YES_ERROR;
				CLANG_WARN_DOCUMENTATION_COMMENTS = YES;
				CLANG_WARN_EMPTY_BODY = YES;
				CLANG_WARN_ENUM_CONVERSION = YES;
				CLANG_WARN_INFINITE_RECURSION = YES;
				CLANG_WARN_INT_CONVERSION = YES;
				CLANG_WARN_NON_LITERAL_NULL_CONVERSION = YES;
				CLANG_WARN_OBJC_LITERAL_CONVERSION = YES;
				CLANG_WARN_OBJC_ROOT_CLASS = YES_ERROR;
				CLANG_WARN_RANGE_LOOP_ANALYSIS = YES;
				CLANG_WARN_STRICT_PROTOTYPES = YES;
				CLANG_WARN_SUSPICIOUS_MOVE = YES;
				CLANG_WARN_UNGUARDED_AVAILABILITY = YES_AGGRESSIVE;
				CLANG_WARN_UNREACHABLE_CODE = YES;
				CLANG_WARN__DUPLICATE_METHOD_MATCH = YES;
				CODE_SIGN_IDENTITY = "iPhone Developer";
				COPY_PHASE_STRIP = NO;
				DEBUG_INFORMATION_FORMAT = "dwarf-with-dsym";
				ENABLE_NS_ASSERTIONS = NO;
				ENABLE_STRICT_OBJC_MSGSEND = YES;
				GCC_C_LANGUAGE_STANDARD = gnu11;
				GCC_NO_COMMON_BLOCKS = YES;
				GCC_WARN_64_TO_32_BIT_CONVERSION = YES;
				GCC_WARN_ABOUT_RETURN_TYPE = YES_ERROR;
				GCC_WARN_UNDECLARED_SELECTOR = YES;
				GCC_WARN_UNINITIALIZED_AUTOS = YES_AGGRESSIVE;
				GCC_WARN_UNUSED_FUNCTION = YES;
				GCC_WARN_UNUSED_VARIABLE = YES;
				IPHONEOS_DEPLOYMENT_TARGET = 11.1;
				MTL_ENABLE_DEBUG_INFO = NO;
				SDKROOT = iphoneos;
				VALIDATE_PRODUCT = YES;
			};
			name = Release;
		};
		60B4416920735B6400B871E1 /* Debug */ = {
			isa = XCBuildConfiguration;
			buildSettings = {
				ASSETCATALOG_COMPILER_APPICON_NAME = AppIcon;
				CODE_SIGN_STYLE = Automatic;
				INFOPLIST_FILE = MultiEducation/Info.plist;
				LD_RUNPATH_SEARCH_PATHS = "$(inherited) @executable_path/Frameworks";
				PRODUCT_BUNDLE_IDENTIFIER = com.niuduo.multiedu.MultiEducation;
				PRODUCT_NAME = "$(TARGET_NAME)";
				TARGETED_DEVICE_FAMILY = "1,2";
			};
			name = Debug;
		};
		60B4416A20735B6400B871E1 /* Release */ = {
			isa = XCBuildConfiguration;
			buildSettings = {
				ASSETCATALOG_COMPILER_APPICON_NAME = AppIcon;
				CODE_SIGN_STYLE = Automatic;
				INFOPLIST_FILE = MultiEducation/Info.plist;
				LD_RUNPATH_SEARCH_PATHS = "$(inherited) @executable_path/Frameworks";
				PRODUCT_BUNDLE_IDENTIFIER = com.niuduo.multiedu.MultiEducation;
				PRODUCT_NAME = "$(TARGET_NAME)";
				TARGETED_DEVICE_FAMILY = "1,2";
			};
			name = Release;
		};
		60B4416C20735B6400B871E1 /* Debug */ = {
			isa = XCBuildConfiguration;
			buildSettings = {
				BUNDLE_LOADER = "$(TEST_HOST)";
				CODE_SIGN_STYLE = Automatic;
				INFOPLIST_FILE = MultiEducationTests/Info.plist;
				LD_RUNPATH_SEARCH_PATHS = "$(inherited) @executable_path/Frameworks @loader_path/Frameworks";
				PRODUCT_BUNDLE_IDENTIFIER = com.niuduo.multiedu.MultiEducationTests;
				PRODUCT_NAME = "$(TARGET_NAME)";
				TARGETED_DEVICE_FAMILY = "1,2";
				TEST_HOST = "$(BUILT_PRODUCTS_DIR)/MultiEducation.app/MultiEducation";
			};
			name = Debug;
		};
		60B4416D20735B6400B871E1 /* Release */ = {
			isa = XCBuildConfiguration;
			buildSettings = {
				BUNDLE_LOADER = "$(TEST_HOST)";
				CODE_SIGN_STYLE = Automatic;
				INFOPLIST_FILE = MultiEducationTests/Info.plist;
				LD_RUNPATH_SEARCH_PATHS = "$(inherited) @executable_path/Frameworks @loader_path/Frameworks";
				PRODUCT_BUNDLE_IDENTIFIER = com.niuduo.multiedu.MultiEducationTests;
				PRODUCT_NAME = "$(TARGET_NAME)";
				TARGETED_DEVICE_FAMILY = "1,2";
				TEST_HOST = "$(BUILT_PRODUCTS_DIR)/MultiEducation.app/MultiEducation";
			};
			name = Release;
		};
		60B4416F20735B6400B871E1 /* Debug */ = {
			isa = XCBuildConfiguration;
			buildSettings = {
				CODE_SIGN_STYLE = Automatic;
				INFOPLIST_FILE = MultiEducationUITests/Info.plist;
				LD_RUNPATH_SEARCH_PATHS = "$(inherited) @executable_path/Frameworks @loader_path/Frameworks";
				PRODUCT_BUNDLE_IDENTIFIER = com.niuduo.multiedu.MultiEducationUITests;
				PRODUCT_NAME = "$(TARGET_NAME)";
				TARGETED_DEVICE_FAMILY = "1,2";
				TEST_TARGET_NAME = MultiEducation;
			};
			name = Debug;
		};
		60B4417020735B6400B871E1 /* Release */ = {
			isa = XCBuildConfiguration;
			buildSettings = {
				CODE_SIGN_STYLE = Automatic;
				INFOPLIST_FILE = MultiEducationUITests/Info.plist;
				LD_RUNPATH_SEARCH_PATHS = "$(inherited) @executable_path/Frameworks @loader_path/Frameworks";
				PRODUCT_BUNDLE_IDENTIFIER = com.niuduo.multiedu.MultiEducationUITests;
				PRODUCT_NAME = "$(TARGET_NAME)";
				TARGETED_DEVICE_FAMILY = "1,2";
				TEST_TARGET_NAME = MultiEducation;
			};
			name = Release;
		};
/* End XCBuildConfiguration section */

/* Begin XCConfigurationList section */
		60B4413720735B6400B871E1 /* Build configuration list for PBXProject "MultiEducation" */ = {
			isa = XCConfigurationList;
			buildConfigurations = (
				60B4416620735B6400B871E1 /* Debug */,
				60B4416720735B6400B871E1 /* Release */,
			);
			defaultConfigurationIsVisible = 0;
			defaultConfigurationName = Release;
		};
		60B4416820735B6400B871E1 /* Build configuration list for PBXNativeTarget "MultiEducation" */ = {
			isa = XCConfigurationList;
			buildConfigurations = (
				60B4416920735B6400B871E1 /* Debug */,
				60B4416A20735B6400B871E1 /* Release */,
			);
			defaultConfigurationIsVisible = 0;
			defaultConfigurationName = Release;
		};
		60B4416B20735B6400B871E1 /* Build configuration list for PBXNativeTarget "MultiEducationTests" */ = {
			isa = XCConfigurationList;
			buildConfigurations = (
				60B4416C20735B6400B871E1 /* Debug */,
				60B4416D20735B6400B871E1 /* Release */,
			);
			defaultConfigurationIsVisible = 0;
			defaultConfigurationName = Release;
		};
		60B4416E20735B6400B871E1 /* Build configuration list for PBXNativeTarget "MultiEducationUITests" */ = {
			isa = XCConfigurationList;
			buildConfigurations = (
				60B4416F20735B6400B871E1 /* Debug */,
				60B4417020735B6400B871E1 /* Release */,
			);
			defaultConfigurationIsVisible = 0;
			defaultConfigurationName = Release;
		};
/* End XCConfigurationList section */
	};
	rootObject = 60B4413420735B6400B871E1 /* Project object */;
}
